{
  "version": 4,
  "terraform_version": "0.12.29",
  "serial": 5,
  "lineage": "68e4edad-f830-5b89-e861-651c903c0587",
  "outputs": {
    "ca_certificate": {
      "value": "LS0tLS1CRUdJTiBDRVJUSUZJQ0FURS0tLS0tCk1JSURLekNDQWhPZ0F3SUJBZ0lSQUtuWjlEcmxVYzR5blJGWXcrL0poSGt3RFFZSktvWklodmNOQVFFTEJRQXcKTHpFdE1Dc0dBMVVFQXhNa05Ua3dZell5WVRZdFlXWmlZUzAwTkRrMkxXRTRPVGN0T0dVNE5qTTRZVEl3T0RjNApNQjRYRFRJd01URXlOVEExTWpVME1Wb1hEVEkxTVRFeU5EQTJNalUwTVZvd0x6RXRNQ3NHQTFVRUF4TWtOVGt3Cll6WXlZVFl0WVdaaVlTMDBORGsyTFdFNE9UY3RPR1U0TmpNNFlUSXdPRGM0TUlJQklqQU5CZ2txaGtpRzl3MEIKQVFFRkFBT0NBUThBTUlJQkNnS0NBUUVBdWhyUFV3VnYxNUdWTHprTnB0a2FYWjBuK1FmQkc4NmJNcnhFTXgxSAp3VlAzUzZOOXdQczlkSWJlR3BBV1NyMXpFM3BJUmZFODZTeEFGNHFwZWFGd2gwTzcxOEd3N0xZck51bTNnZGF5CjBDWnBMZThDOGRXV0crVTZXRkl4Y2VTaWJvQnhDakpiN3hTclZ5cnVvVWUzSlFyT2VQQ3VEZTJSRFVQdEhlZkYKMEo2b0pZTGl1TFJYNTduYnRMb01odVlnbFZSN3R1d0dmRmQrTkRWNDlTYk16cEhTZzFqMFJ1NlV3bzdISEdIbQp3Z2cwQWZEeGgrM05NcDMwMWM3TjhHMUxDdjk3R09NT04yWUw2Zk4wTGFCZlNVWTNrK091M21zdVIwN1ZaUFg0Ci9LOG1YZ1h6N3c5cTFwa1dDS2FBaVgvSUt2RjlHYm1xZFBmck1qRVU5d1haU3dJREFRQUJvMEl3UURBT0JnTlYKSFE4QkFmOEVCQU1DQWdRd0R3WURWUjBUQVFIL0JBVXdBd0VCL3pBZEJnTlZIUTRFRmdRVW4wYU11WHVCSmVKMQp5a1VvYnY3WlNTUW1FYVl3RFFZSktvWklodmNOQVFFTEJRQURnZ0VCQUl5WGZqSTdSdWRMWGwzYVdsWDdoVFU3Ci9VYW1qZE1yL1FwNXdqUTRpazJXUnpUNFhzaFB2dUVOZGhhZ3ZaeGlLc3RKYXkzbnJTQ3NZVFE4NlhCTlpja3kKYXNkdk5VM3psNWF6SUd0b25ia0NPQVlDQlhrK3QzakRTQzlVbXlmeU1MbGJFUmlZVk1NSG9ZRWJJL2RhYVRqTQp5alY4Zy9oVFBQTDVJc29hS3M0ZllYM3FpWDBacFhldVBkbHVZUUUzUHJOdDR2TXU5M1Q1ejRmaldsTFNpcUxBCmhKcE5qZnhQOE1yT09rcndHUXI4UllXVlcxcDRVM0NmWE9CNlk0UzhHT2dlU1lReUk0Y2YwbWNGSnNBWjRPTlYKUjc3UUJNUm56Y256d1kzeE9IdkhVL2JwVFAwVUU0SUZxRStib1E5TkFwZTZ1SGwyQVFXODk5UlFyeEVPd1F3PQotLS0tLUVORCBDRVJUSUZJQ0FURS0tLS0tCg==",
      "type": "string"
    },
    "client_token": {
      "value": "eWEyOS5hMEFmSDZTTURtWEV3Zy1pRFdkaEdLMVNHWU9LRTBEZjlINmk2THBOcVc4cVZUazg2OU4xRkVyWENxd240NEpoWDJaZGJIeU05cTZQdFRrU01mMUlCeDBSMWxTOEJIRDUxUWR5aFZnRklTOVhWNnExdWhqSTZqLXRDdTlVcGVIWTYwdlg2cnhVeWRxZ2RHTTdMakNKNWVzaExpMXQ5NHgybHgwOUxkbTY3dURMUC1TSnJyc1ZwcVltVGJLTEFpRVFZckhJX3BJZzVUTEJ4NXJTRU9DbnRvVlhLODJ5ZkJYRkh2WDJXNGl5WC1MbXpiNGRYTURUNlUzTVNwN05LRC1URDJ5NVBFQ2NpSlhrZF9IM3dVS2l0Ng==",
      "type": "string",
      "sensitive": true
    },
    "cluster_name": {
      "value": "jenkins-23",
      "type": "string"
    },
    "gcp_service_account_email": {
      "value": "jenkins-wi-jenkins-23-23@architect-certification-289902.iam.gserviceaccount.com",
      "type": "string"
    },
    "jenkins_k8s_config_secrets": {
      "value": "jenkins-k8s-config",
      "type": "string"
    },
    "jenkins_project_id": {
      "value": "architect-certification-289902",
      "type": "string"
    },
    "k8s_service_account_name": {
      "value": "jenkins-wi-jenkins-23-23",
      "type": "string"
    },
    "kubernetes_endpoint": {
      "value": "35.204.103.119",
      "type": "string",
      "sensitive": true
    },
    "service_account": {
      "value": "tf-gke-jenkins-23-f082@architect-certification-289902.iam.gserviceaccount.com",
      "type": "string"
    },
    "zone": {
      "value": "europe-west4-a,europe-west4-b",
      "type": "string"
    }
  },
  "resources": [
    {
      "module": "module.jenkins-gke",
      "mode": "data",
      "type": "google_client_config",
      "name": "default",
      "provider": "provider.google-beta",
      "instances": [
        {
          "schema_version": 0,
          "attributes": {
            "access_token": "ya29.a0AfH6SMDmXEwg-iDWdhGK1SGYOKE0Df9H6i6LpNqW8qVTk869N1FErXCqwn44JhX2ZdbHyM9q6PtTkSMf1IBx0R1lS8BHD51QdyhVgFIS9XV6q1uhjI6j-tCu9UpeHY60vX6rxUydqgdGM7LjCJ5eshLi1t94x2lx09Ldm67uDLP-SJrrsVpqYmTbKLAiEQYrHI_pIg5TLBx5rSEOCntoVXK82yfBXFHvX2W4iyX-Lmzb4dXMDT6U3MSp7NKD-TD2y5PECciJXkd_H3wUKit6",
            "id": "projects/architect-certification-289902/regions//zones/",
            "project": "architect-certification-289902",
            "region": "",
            "zone": ""
          }
        }
      ]
    },
    {
      "mode": "data",
      "type": "google_client_config",
      "name": "default",
      "provider": "provider.google",
      "instances": [
        {
          "schema_version": 0,
          "attributes": {
            "access_token": "ya29.a0AfH6SMDmXEwg-iDWdhGK1SGYOKE0Df9H6i6LpNqW8qVTk869N1FErXCqwn44JhX2ZdbHyM9q6PtTkSMf1IBx0R1lS8BHD51QdyhVgFIS9XV6q1uhjI6j-tCu9UpeHY60vX6rxUydqgdGM7LjCJ5eshLi1t94x2lx09Ldm67uDLP-SJrrsVpqYmTbKLAiEQYrHI_pIg5TLBx5rSEOCntoVXK82yfBXFHvX2W4iyX-Lmzb4dXMDT6U3MSp7NKD-TD2y5PECciJXkd_H3wUKit6",
            "id": "projects/architect-certification-289902/regions//zones/",
            "project": "architect-certification-289902",
            "region": "",
            "zone": ""
          }
        }
      ]
    },
    {
      "module": "module.gke_auth",
      "mode": "data",
      "type": "google_client_config",
      "name": "provider",
      "provider": "provider.google",
      "instances": [
        {
          "schema_version": 0,
          "attributes": {
            "access_token": "ya29.a0AfH6SMDmXEwg-iDWdhGK1SGYOKE0Df9H6i6LpNqW8qVTk869N1FErXCqwn44JhX2ZdbHyM9q6PtTkSMf1IBx0R1lS8BHD51QdyhVgFIS9XV6q1uhjI6j-tCu9UpeHY60vX6rxUydqgdGM7LjCJ5eshLi1t94x2lx09Ldm67uDLP-SJrrsVpqYmTbKLAiEQYrHI_pIg5TLBx5rSEOCntoVXK82yfBXFHvX2W4iyX-Lmzb4dXMDT6U3MSp7NKD-TD2y5PECciJXkd_H3wUKit6",
            "id": "projects/architect-certification-289902/regions//zones/",
            "project": "architect-certification-289902",
            "region": "",
            "zone": ""
          }
        }
      ]
    },
    {
      "module": "module.jenkins-gke",
      "mode": "data",
      "type": "google_compute_zones",
      "name": "available",
      "provider": "provider.google-beta",
      "instances": [
        {
          "schema_version": 0,
          "attributes": {
            "id": "projects/architect-certification-289902/regions/europe-west4",
            "names": [
              "europe-west4-a",
              "europe-west4-b",
              "europe-west4-c"
            ],
            "project": "architect-certification-289902",
            "region": "europe-west4",
            "status": null
          }
        }
      ]
    },
    {
      "module": "module.gke_auth",
      "mode": "data",
      "type": "google_container_cluster",
      "name": "gke_cluster",
      "provider": "provider.google",
      "instances": [
        {
          "schema_version": 0,
          "attributes": {
            "addons_config": [
              {
                "cloudrun_config": [],
                "horizontal_pod_autoscaling": [
                  {
                    "disabled": false
                  }
                ],
                "http_load_balancing": [
                  {
                    "disabled": false
                  }
                ],
                "network_policy_config": [
                  {
                    "disabled": false
                  }
                ]
              }
            ],
            "authenticator_groups_config": [],
            "cluster_autoscaling": [
              {
                "auto_provisioning_defaults": [],
                "enabled": false,
                "resource_limits": []
              }
            ],
            "cluster_ipv4_cidr": "192.168.0.0/18",
            "database_encryption": [
              {
                "key_name": "",
                "state": "DECRYPTED"
              }
            ],
            "default_max_pods_per_node": 110,
            "description": "",
            "enable_binary_authorization": false,
            "enable_intranode_visibility": null,
            "enable_kubernetes_alpha": false,
            "enable_legacy_abac": false,
            "enable_shielded_nodes": false,
            "enable_tpu": null,
            "endpoint": "35.204.103.119",
            "id": "projects/architect-certification-289902/locations/europe-west4-a/clusters/jenkins-23",
            "initial_node_count": 0,
            "instance_group_urls": [
              "https://www.googleapis.com/compute/v1/projects/architect-certification-289902/zones/europe-west4-a/instanceGroups/gke-jenkins-23-butler-pool-e6435b7b-grp",
              "https://www.googleapis.com/compute/v1/projects/architect-certification-289902/zones/europe-west4-b/instanceGroups/gke-jenkins-23-butler-pool-7d2fa5a2-grp"
            ],
            "ip_allocation_policy": [
              {
                "cluster_ipv4_cidr_block": "192.168.0.0/18",
                "cluster_secondary_range_name": "ip-range-pods",
                "services_ipv4_cidr_block": "192.168.64.0/18",
                "services_secondary_range_name": "ip-range-scv"
              }
            ],
            "label_fingerprint": "a9dc16a7",
            "location": "europe-west4-a",
            "logging_service": "logging.googleapis.com/kubernetes",
            "maintenance_policy": [
              {
                "daily_maintenance_window": [
                  {
                    "duration": "PT4H0M0S",
                    "start_time": "05:00"
                  }
                ],
                "maintenance_exclusion": [],
                "recurring_window": []
              }
            ],
            "master_auth": [
              {
                "client_certificate": "",
                "client_certificate_config": [
                  {
                    "issue_client_certificate": false
                  }
                ],
                "client_key": "",
                "cluster_ca_certificate": "LS0tLS1CRUdJTiBDRVJUSUZJQ0FURS0tLS0tCk1JSURLekNDQWhPZ0F3SUJBZ0lSQUtuWjlEcmxVYzR5blJGWXcrL0poSGt3RFFZSktvWklodmNOQVFFTEJRQXcKTHpFdE1Dc0dBMVVFQXhNa05Ua3dZell5WVRZdFlXWmlZUzAwTkRrMkxXRTRPVGN0T0dVNE5qTTRZVEl3T0RjNApNQjRYRFRJd01URXlOVEExTWpVME1Wb1hEVEkxTVRFeU5EQTJNalUwTVZvd0x6RXRNQ3NHQTFVRUF4TWtOVGt3Cll6WXlZVFl0WVdaaVlTMDBORGsyTFdFNE9UY3RPR1U0TmpNNFlUSXdPRGM0TUlJQklqQU5CZ2txaGtpRzl3MEIKQVFFRkFBT0NBUThBTUlJQkNnS0NBUUVBdWhyUFV3VnYxNUdWTHprTnB0a2FYWjBuK1FmQkc4NmJNcnhFTXgxSAp3VlAzUzZOOXdQczlkSWJlR3BBV1NyMXpFM3BJUmZFODZTeEFGNHFwZWFGd2gwTzcxOEd3N0xZck51bTNnZGF5CjBDWnBMZThDOGRXV0crVTZXRkl4Y2VTaWJvQnhDakpiN3hTclZ5cnVvVWUzSlFyT2VQQ3VEZTJSRFVQdEhlZkYKMEo2b0pZTGl1TFJYNTduYnRMb01odVlnbFZSN3R1d0dmRmQrTkRWNDlTYk16cEhTZzFqMFJ1NlV3bzdISEdIbQp3Z2cwQWZEeGgrM05NcDMwMWM3TjhHMUxDdjk3R09NT04yWUw2Zk4wTGFCZlNVWTNrK091M21zdVIwN1ZaUFg0Ci9LOG1YZ1h6N3c5cTFwa1dDS2FBaVgvSUt2RjlHYm1xZFBmck1qRVU5d1haU3dJREFRQUJvMEl3UURBT0JnTlYKSFE4QkFmOEVCQU1DQWdRd0R3WURWUjBUQVFIL0JBVXdBd0VCL3pBZEJnTlZIUTRFRmdRVW4wYU11WHVCSmVKMQp5a1VvYnY3WlNTUW1FYVl3RFFZSktvWklodmNOQVFFTEJRQURnZ0VCQUl5WGZqSTdSdWRMWGwzYVdsWDdoVFU3Ci9VYW1qZE1yL1FwNXdqUTRpazJXUnpUNFhzaFB2dUVOZGhhZ3ZaeGlLc3RKYXkzbnJTQ3NZVFE4NlhCTlpja3kKYXNkdk5VM3psNWF6SUd0b25ia0NPQVlDQlhrK3QzakRTQzlVbXlmeU1MbGJFUmlZVk1NSG9ZRWJJL2RhYVRqTQp5alY4Zy9oVFBQTDVJc29hS3M0ZllYM3FpWDBacFhldVBkbHVZUUUzUHJOdDR2TXU5M1Q1ejRmaldsTFNpcUxBCmhKcE5qZnhQOE1yT09rcndHUXI4UllXVlcxcDRVM0NmWE9CNlk0UzhHT2dlU1lReUk0Y2YwbWNGSnNBWjRPTlYKUjc3UUJNUm56Y256d1kzeE9IdkhVL2JwVFAwVUU0SUZxRStib1E5TkFwZTZ1SGwyQVFXODk5UlFyeEVPd1F3PQotLS0tLUVORCBDRVJUSUZJQ0FURS0tLS0tCg==",
                "password": "",
                "username": ""
              }
            ],
            "master_authorized_networks_config": [],
            "master_version": "1.17.13-gke.2600",
            "min_master_version": null,
            "monitoring_service": "monitoring.googleapis.com/kubernetes",
            "name": "jenkins-23",
            "network": "projects/architect-certification-289902/global/networks/jenkins-network-23",
            "network_policy": [
              {
                "enabled": true,
                "provider": "CALICO"
              }
            ],
            "node_config": [
              {
                "disk_size_gb": 100,
                "disk_type": "pd-standard",
                "guest_accelerator": [],
                "image_type": "COS",
                "labels": {
                  "cluster_name": "jenkins-23",
                  "node_pool": "butler-pool"
                },
                "local_ssd_count": 0,
                "machine_type": "n1-standard-2",
                "metadata": {
                  "cluster_name": "jenkins-23",
                  "disable-legacy-endpoints": "true",
                  "node_pool": "butler-pool"
                },
                "min_cpu_platform": "",
                "oauth_scopes": [
                  "https://www.googleapis.com/auth/cloud-platform"
                ],
                "preemptible": false,
                "service_account": "tf-gke-jenkins-23-f082@architect-certification-289902.iam.gserviceaccount.com",
                "shielded_instance_config": [
                  {
                    "enable_integrity_monitoring": true,
                    "enable_secure_boot": false
                  }
                ],
                "tags": [
                  "gke-jenkins-23",
                  "gke-jenkins-23-butler-pool"
                ],
                "taint": [],
                "workload_metadata_config": [
                  {
                    "node_metadata": "GKE_METADATA_SERVER"
                  }
                ]
              }
            ],
            "node_locations": [
              "europe-west4-b"
            ],
            "node_pool": [
              {
                "autoscaling": [
                  {
                    "max_node_count": 3,
                    "min_node_count": 1
                  }
                ],
                "initial_node_count": 1,
                "instance_group_urls": [
                  "https://www.googleapis.com/compute/v1/projects/architect-certification-289902/zones/europe-west4-a/instanceGroupManagers/gke-jenkins-23-butler-pool-e6435b7b-grp",
                  "https://www.googleapis.com/compute/v1/projects/architect-certification-289902/zones/europe-west4-b/instanceGroupManagers/gke-jenkins-23-butler-pool-7d2fa5a2-grp"
                ],
                "management": [
                  {
                    "auto_repair": true,
                    "auto_upgrade": true
                  }
                ],
                "max_pods_per_node": 110,
                "name": "butler-pool",
                "name_prefix": "",
                "node_config": [
                  {
                    "disk_size_gb": 100,
                    "disk_type": "pd-standard",
                    "guest_accelerator": [],
                    "image_type": "COS",
                    "labels": {
                      "cluster_name": "jenkins-23",
                      "node_pool": "butler-pool"
                    },
                    "local_ssd_count": 0,
                    "machine_type": "n1-standard-2",
                    "metadata": {
                      "cluster_name": "jenkins-23",
                      "disable-legacy-endpoints": "true",
                      "node_pool": "butler-pool"
                    },
                    "min_cpu_platform": "",
                    "oauth_scopes": [
                      "https://www.googleapis.com/auth/cloud-platform"
                    ],
                    "preemptible": false,
                    "service_account": "tf-gke-jenkins-23-f082@architect-certification-289902.iam.gserviceaccount.com",
                    "shielded_instance_config": [
                      {
                        "enable_integrity_monitoring": true,
                        "enable_secure_boot": false
                      }
                    ],
                    "tags": [
                      "gke-jenkins-23",
                      "gke-jenkins-23-butler-pool"
                    ],
                    "taint": [],
                    "workload_metadata_config": [
                      {
                        "node_metadata": "GKE_METADATA_SERVER"
                      }
                    ]
                  }
                ],
                "node_count": 1,
                "node_locations": [
                  "europe-west4-a",
                  "europe-west4-b"
                ],
                "upgrade_settings": [
                  {
                    "max_surge": 1,
                    "max_unavailable": 0
                  }
                ],
                "version": "1.17.13-gke.2600"
              }
            ],
            "node_version": "1.17.13-gke.2600",
            "operation": null,
            "pod_security_policy_config": null,
            "private_cluster_config": [],
            "project": "architect-certification-289902",
            "release_channel": [
              {
                "channel": "UNSPECIFIED"
              }
            ],
            "remove_default_node_pool": null,
            "resource_labels": {},
            "resource_usage_export_config": [],
            "self_link": "https://container.googleapis.com/v1beta1/projects/architect-certification-289902/zones/europe-west4-a/clusters/jenkins-23",
            "services_ipv4_cidr": "192.168.64.0/18",
            "subnetwork": "projects/architect-certification-289902/regions/europe-west4/subnetworks/jenkins-subnet-23",
            "vertical_pod_autoscaling": [
              {
                "enabled": false
              }
            ],
            "workload_identity_config": [
              {
                "identity_namespace": "architect-certification-289902.svc.id.goog"
              }
            ]
          }
        }
      ]
    },
    {
      "module": "module.jenkins-gke",
      "mode": "data",
      "type": "google_container_engine_versions",
      "name": "region",
      "provider": "provider.google",
      "instances": [
        {
          "schema_version": 0,
          "attributes": {
            "default_cluster_version": "1.16.15-gke.4300",
            "id": "2020-11-25 07:11:30.541812379 +0000 UTC",
            "latest_master_version": "1.17.13-gke.2600",
            "latest_node_version": "1.17.13-gke.2600",
            "location": "europe-west4-a",
            "project": "architect-certification-289902",
            "release_channel_default_version": {
              "RAPID": "1.18.10-gke.2101",
              "REGULAR": "1.17.13-gke.1400",
              "STABLE": "1.16.15-gke.4300"
            },
            "valid_master_versions": [
              "1.17.13-gke.2600",
              "1.17.13-gke.2001",
              "1.17.13-gke.1400",
              "1.17.13-gke.600",
              "1.17.12-gke.2502",
              "1.17.12-gke.1504",
              "1.17.12-gke.1501",
              "1.16.15-gke.5500",
              "1.16.15-gke.4901",
              "1.16.15-gke.4300",
              "1.16.15-gke.3500",
              "1.16.15-gke.2601",
              "1.16.15-gke.1600",
              "1.16.15-gke.500",
              "1.16.13-gke.404",
              "1.16.13-gke.403",
              "1.15.12-gke.6001",
              "1.15.12-gke.5000",
              "1.15.12-gke.4002",
              "1.15.12-gke.4000",
              "1.15.12-gke.20",
              "1.14.10-gke.1504",
              "1.14.10-gke.902",
              "1.14.10-gke.50"
            ],
            "valid_node_versions": [
              "1.17.13-gke.2600",
              "1.17.13-gke.2001",
              "1.17.13-gke.1400",
              "1.17.13-gke.600",
              "1.17.12-gke.2502",
              "1.17.12-gke.1504",
              "1.17.12-gke.1501",
              "1.17.12-gke.500",
              "1.17.9-gke.6300",
              "1.17.9-gke.1504",
              "1.16.15-gke.5500",
              "1.16.15-gke.4901",
              "1.16.15-gke.4300",
              "1.16.15-gke.3500",
              "1.16.15-gke.2601",
              "1.16.15-gke.1600",
              "1.16.15-gke.500",
              "1.16.13-gke.404",
              "1.16.13-gke.403",
              "1.16.13-gke.401",
              "1.16.13-gke.400",
              "1.16.13-gke.1",
              "1.16.11-gke.5",
              "1.16.10-gke.8",
              "1.16.9-gke.6",
              "1.16.9-gke.2",
              "1.16.8-gke.15",
              "1.16.8-gke.12",
              "1.16.8-gke.9",
              "1.15.12-gke.6001",
              "1.15.12-gke.5000",
              "1.15.12-gke.4002",
              "1.15.12-gke.4000",
              "1.15.12-gke.20",
              "1.15.12-gke.17",
              "1.15.12-gke.16",
              "1.15.12-gke.13",
              "1.15.12-gke.9",
              "1.15.12-gke.6",
              "1.15.12-gke.3",
              "1.15.12-gke.2",
              "1.15.11-gke.17",
              "1.15.11-gke.15",
              "1.15.11-gke.13",
              "1.15.11-gke.12",
              "1.15.11-gke.11",
              "1.15.11-gke.9",
              "1.15.11-gke.5",
              "1.15.11-gke.3",
              "1.15.11-gke.1",
              "1.15.9-gke.26",
              "1.15.9-gke.24",
              "1.15.9-gke.22",
              "1.15.9-gke.12",
              "1.15.9-gke.9",
              "1.15.9-gke.8",
              "1.15.8-gke.3",
              "1.15.8-gke.2",
              "1.15.7-gke.23",
              "1.15.7-gke.2",
              "1.15.4-gke.22",
              "1.14.10-gke.1504",
              "1.14.10-gke.902",
              "1.14.10-gke.50",
              "1.14.10-gke.46",
              "1.14.10-gke.45",
              "1.14.10-gke.42",
              "1.14.10-gke.41",
              "1.14.10-gke.40",
              "1.14.10-gke.37",
              "1.14.10-gke.36",
              "1.14.10-gke.34",
              "1.14.10-gke.32",
              "1.14.10-gke.31",
              "1.14.10-gke.27",
              "1.14.10-gke.24",
              "1.14.10-gke.22",
              "1.14.10-gke.21",
              "1.14.10-gke.17",
              "1.14.10-gke.0",
              "1.14.9-gke.23",
              "1.14.9-gke.2",
              "1.14.9-gke.0",
              "1.14.8-gke.33",
              "1.14.8-gke.21",
              "1.14.8-gke.18",
              "1.14.8-gke.17",
              "1.14.8-gke.14",
              "1.14.8-gke.12",
              "1.14.8-gke.7",
              "1.14.8-gke.2",
              "1.14.7-gke.40",
              "1.14.7-gke.25",
              "1.14.7-gke.23",
              "1.14.7-gke.17",
              "1.14.7-gke.14",
              "1.14.7-gke.10",
              "1.14.6-gke.13",
              "1.14.6-gke.2",
              "1.14.6-gke.1",
              "1.14.3-gke.11",
              "1.14.3-gke.10",
              "1.14.3-gke.9",
              "1.14.2-gke.9",
              "1.14.1-gke.5",
              "1.13.12-gke.30",
              "1.13.12-gke.25",
              "1.13.12-gke.17",
              "1.13.12-gke.16",
              "1.13.12-gke.14",
              "1.13.12-gke.13",
              "1.13.12-gke.10",
              "1.13.12-gke.8",
              "1.13.12-gke.4",
              "1.13.12-gke.2",
              "1.13.11-gke.23",
              "1.13.11-gke.15",
              "1.13.11-gke.14",
              "1.13.11-gke.12",
              "1.13.11-gke.11",
              "1.13.11-gke.9",
              "1.13.11-gke.5",
              "1.13.10-gke.7",
              "1.13.10-gke.0",
              "1.13.9-gke.11",
              "1.13.9-gke.3",
              "1.13.7-gke.24",
              "1.13.7-gke.19",
              "1.13.7-gke.15",
              "1.13.7-gke.8",
              "1.13.7-gke.0",
              "1.13.6-gke.13",
              "1.13.6-gke.6",
              "1.13.6-gke.5",
              "1.13.6-gke.0",
              "1.13.5-gke.10",
              "1.12.10-gke.22",
              "1.12.10-gke.20",
              "1.12.10-gke.19",
              "1.12.10-gke.18",
              "1.12.10-gke.17",
              "1.12.10-gke.15",
              "1.12.10-gke.13",
              "1.12.10-gke.11",
              "1.12.10-gke.5",
              "1.12.9-gke.16",
              "1.12.9-gke.15",
              "1.12.9-gke.13",
              "1.12.9-gke.10",
              "1.12.9-gke.7",
              "1.12.9-gke.3",
              "1.12.8-gke.12",
              "1.12.8-gke.10",
              "1.12.8-gke.7",
              "1.12.8-gke.6",
              "1.12.7-gke.26",
              "1.12.7-gke.25",
              "1.12.7-gke.24",
              "1.12.7-gke.22",
              "1.12.7-gke.21",
              "1.12.7-gke.17",
              "1.12.7-gke.10",
              "1.12.7-gke.7",
              "1.12.6-gke.11",
              "1.12.6-gke.10",
              "1.12.6-gke.7",
              "1.12.5-gke.10",
              "1.12.5-gke.5",
              "1.11.10-gke.6",
              "1.11.10-gke.5"
            ],
            "version_prefix": null
          }
        }
      ]
    },
    {
      "module": "module.jenkins-gke",
      "mode": "data",
      "type": "google_container_engine_versions",
      "name": "zone",
      "provider": "provider.google",
      "instances": [
        {
          "schema_version": 0,
          "attributes": {
            "default_cluster_version": "1.16.15-gke.4300",
            "id": "2020-11-25 07:11:30.966268241 +0000 UTC",
            "latest_master_version": "1.17.13-gke.2600",
            "latest_node_version": "1.17.13-gke.2600",
            "location": "europe-west4-a",
            "project": "architect-certification-289902",
            "release_channel_default_version": {
              "RAPID": "1.18.10-gke.2101",
              "REGULAR": "1.17.13-gke.1400",
              "STABLE": "1.16.15-gke.4300"
            },
            "valid_master_versions": [
              "1.17.13-gke.2600",
              "1.17.13-gke.2001",
              "1.17.13-gke.1400",
              "1.17.13-gke.600",
              "1.17.12-gke.2502",
              "1.17.12-gke.1504",
              "1.17.12-gke.1501",
              "1.16.15-gke.5500",
              "1.16.15-gke.4901",
              "1.16.15-gke.4300",
              "1.16.15-gke.3500",
              "1.16.15-gke.2601",
              "1.16.15-gke.1600",
              "1.16.15-gke.500",
              "1.16.13-gke.404",
              "1.16.13-gke.403",
              "1.15.12-gke.6001",
              "1.15.12-gke.5000",
              "1.15.12-gke.4002",
              "1.15.12-gke.4000",
              "1.15.12-gke.20",
              "1.14.10-gke.1504",
              "1.14.10-gke.902",
              "1.14.10-gke.50"
            ],
            "valid_node_versions": [
              "1.17.13-gke.2600",
              "1.17.13-gke.2001",
              "1.17.13-gke.1400",
              "1.17.13-gke.600",
              "1.17.12-gke.2502",
              "1.17.12-gke.1504",
              "1.17.12-gke.1501",
              "1.17.12-gke.500",
              "1.17.9-gke.6300",
              "1.17.9-gke.1504",
              "1.16.15-gke.5500",
              "1.16.15-gke.4901",
              "1.16.15-gke.4300",
              "1.16.15-gke.3500",
              "1.16.15-gke.2601",
              "1.16.15-gke.1600",
              "1.16.15-gke.500",
              "1.16.13-gke.404",
              "1.16.13-gke.403",
              "1.16.13-gke.401",
              "1.16.13-gke.400",
              "1.16.13-gke.1",
              "1.16.11-gke.5",
              "1.16.10-gke.8",
              "1.16.9-gke.6",
              "1.16.9-gke.2",
              "1.16.8-gke.15",
              "1.16.8-gke.12",
              "1.16.8-gke.9",
              "1.15.12-gke.6001",
              "1.15.12-gke.5000",
              "1.15.12-gke.4002",
              "1.15.12-gke.4000",
              "1.15.12-gke.20",
              "1.15.12-gke.17",
              "1.15.12-gke.16",
              "1.15.12-gke.13",
              "1.15.12-gke.9",
              "1.15.12-gke.6",
              "1.15.12-gke.3",
              "1.15.12-gke.2",
              "1.15.11-gke.17",
              "1.15.11-gke.15",
              "1.15.11-gke.13",
              "1.15.11-gke.12",
              "1.15.11-gke.11",
              "1.15.11-gke.9",
              "1.15.11-gke.5",
              "1.15.11-gke.3",
              "1.15.11-gke.1",
              "1.15.9-gke.26",
              "1.15.9-gke.24",
              "1.15.9-gke.22",
              "1.15.9-gke.12",
              "1.15.9-gke.9",
              "1.15.9-gke.8",
              "1.15.8-gke.3",
              "1.15.8-gke.2",
              "1.15.7-gke.23",
              "1.15.7-gke.2",
              "1.15.4-gke.22",
              "1.14.10-gke.1504",
              "1.14.10-gke.902",
              "1.14.10-gke.50",
              "1.14.10-gke.46",
              "1.14.10-gke.45",
              "1.14.10-gke.42",
              "1.14.10-gke.41",
              "1.14.10-gke.40",
              "1.14.10-gke.37",
              "1.14.10-gke.36",
              "1.14.10-gke.34",
              "1.14.10-gke.32",
              "1.14.10-gke.31",
              "1.14.10-gke.27",
              "1.14.10-gke.24",
              "1.14.10-gke.22",
              "1.14.10-gke.21",
              "1.14.10-gke.17",
              "1.14.10-gke.0",
              "1.14.9-gke.23",
              "1.14.9-gke.2",
              "1.14.9-gke.0",
              "1.14.8-gke.33",
              "1.14.8-gke.21",
              "1.14.8-gke.18",
              "1.14.8-gke.17",
              "1.14.8-gke.14",
              "1.14.8-gke.12",
              "1.14.8-gke.7",
              "1.14.8-gke.2",
              "1.14.7-gke.40",
              "1.14.7-gke.25",
              "1.14.7-gke.23",
              "1.14.7-gke.17",
              "1.14.7-gke.14",
              "1.14.7-gke.10",
              "1.14.6-gke.13",
              "1.14.6-gke.2",
              "1.14.6-gke.1",
              "1.14.3-gke.11",
              "1.14.3-gke.10",
              "1.14.3-gke.9",
              "1.14.2-gke.9",
              "1.14.1-gke.5",
              "1.13.12-gke.30",
              "1.13.12-gke.25",
              "1.13.12-gke.17",
              "1.13.12-gke.16",
              "1.13.12-gke.14",
              "1.13.12-gke.13",
              "1.13.12-gke.10",
              "1.13.12-gke.8",
              "1.13.12-gke.4",
              "1.13.12-gke.2",
              "1.13.11-gke.23",
              "1.13.11-gke.15",
              "1.13.11-gke.14",
              "1.13.11-gke.12",
              "1.13.11-gke.11",
              "1.13.11-gke.9",
              "1.13.11-gke.5",
              "1.13.10-gke.7",
              "1.13.10-gke.0",
              "1.13.9-gke.11",
              "1.13.9-gke.3",
              "1.13.7-gke.24",
              "1.13.7-gke.19",
              "1.13.7-gke.15",
              "1.13.7-gke.8",
              "1.13.7-gke.0",
              "1.13.6-gke.13",
              "1.13.6-gke.6",
              "1.13.6-gke.5",
              "1.13.6-gke.0",
              "1.13.5-gke.10",
              "1.12.10-gke.22",
              "1.12.10-gke.20",
              "1.12.10-gke.19",
              "1.12.10-gke.18",
              "1.12.10-gke.17",
              "1.12.10-gke.15",
              "1.12.10-gke.13",
              "1.12.10-gke.11",
              "1.12.10-gke.5",
              "1.12.9-gke.16",
              "1.12.9-gke.15",
              "1.12.9-gke.13",
              "1.12.9-gke.10",
              "1.12.9-gke.7",
              "1.12.9-gke.3",
              "1.12.8-gke.12",
              "1.12.8-gke.10",
              "1.12.8-gke.7",
              "1.12.8-gke.6",
              "1.12.7-gke.26",
              "1.12.7-gke.25",
              "1.12.7-gke.24",
              "1.12.7-gke.22",
              "1.12.7-gke.21",
              "1.12.7-gke.17",
              "1.12.7-gke.10",
              "1.12.7-gke.7",
              "1.12.6-gke.11",
              "1.12.6-gke.10",
              "1.12.6-gke.7",
              "1.12.5-gke.10",
              "1.12.5-gke.5",
              "1.11.10-gke.6",
              "1.11.10-gke.5"
            ],
            "version_prefix": null
          }
        }
      ]
    },
    {
      "mode": "data",
      "type": "local_file",
      "name": "helm_chart_values",
      "provider": "provider.local",
      "instances": [
        {
          "schema_version": 0,
          "attributes": {
            "content": "# Copyright 2020 Google LLC\n#\n# Licensed under the Apache License, Version 2.0 (the \"License\");\n# you may not use this file except in compliance with the License.\n# You may obtain a copy of the License at\n#\n#      http://www.apache.org/licenses/LICENSE-2.0\n#\n# Unless required by applicable law or agreed to in writing, software\n# distributed under the License is distributed on an \"AS IS\" BASIS,\n# WITHOUT WARRANTIES OR CONDITIONS OF ANY KIND, either express or implied.\n# See the License for the specific language governing permissions and\n# limitations under the License.\n\nmaster:\n  tag: \"2.264\"\n  containerEnv:\n    - name: PROJECT_ID\n      valueFrom:\n        secretKeyRef:\n            name: jenkins-k8s-config\n            key: project_id\n    - name: jenkins_tf_ksa\n      valueFrom:\n        secretKeyRef:\n            name: jenkins-k8s-config\n            key: jenkins_tf_ksa\n  servicePort: 80\n  serviceType: LoadBalancer\n  installPlugins:\n    - kubernetes:1.27.3\n    - workflow-job:2.40\n    - workflow-aggregator:2.6\n    - credentials-binding:1.24\n    - git:4.4.5\n    - blueocean:1.24.3\n    - docker-custom-build-environment:1.7.3\n    - credentials:2.3.13\n    - docker-commons:1.17\n    - docker-workflow:1.24\n    - job-dsl:1.77\n    - configuration-as-code:1.45\n    - jdk-tool:1.4\n  JCasC:\n    enabled: true\n    configScripts:\n        cloud: |\n            jenkins:\n                clouds:\n                    - kubernetes:\n                        name: \"gke-executors\"\n                        serverUrl: \"https://kubernetes.default\"\n                        jenkinsTunnel: \"jenkins-agent:50000\"\n                        jenkinsUrl: \"http://jenkins:80\"\n                        skipTlsVerify: true\n                        namespace: \"default\"\n                        templates:\n                            - name: \"jenkins-jnlp\"\n                              namespace: \"default\"\n                              nodeUsageMode: NORMAL\n                              label: \"jnlp-exec\"\n                              containers:\n                                - name: \"jnlp\"\n                                  image: \"jenkins/jnlp-slave\"\n                                  alwaysPullImage: false\n                                  workingDir: \"/home/jenkins/agent\"\n                                  ttyEnabled: true\n                                  command: \"\"\n                                  args: \"\"\n                                  resourceRequestCpu: \"500m\"\n                                  resourceLimitCpu: \"1000m\"\n                                  resourceRequestMemory: \"1Gi\"\n                                  resourceLimitMemory: \"2Gi\"\n                              volumes:\n                                - emptyDirVolume:\n                                    memory: false\n                                    mountPath: \"/tmp\"\n                              idleMinutes: \"1\"\n                              activeDeadlineSeconds: \"120\"\n                              slaveConnectTimeout: \"1000\"\n                            - name: \"terraform\"\n                              namespace: \"default\"\n                              nodeUsageMode: NORMAL\n                              serviceAccount: ${jenkins_tf_ksa}\n                              label: \"terraform-exec\"\n                              containers:\n                                - name: \"terraform\"\n                                  image: \"hashicorp/terraform:0.12.29\"\n                                  alwaysPullImage: false\n                                  workingDir: \"/home/jenkins/agent\"\n                                  ttyEnabled: true\n                                  command: \"/bin/sh -c\"\n                                  args: \"cat\"\n                                  resourceRequestCpu: \"500m\"\n                                  resourceLimitCpu: \"1000m\"\n                                  resourceRequestMemory: \"1Gi\"\n                                  resourceLimitMemory: \"2Gi\"\n                              volumes:\n                                - emptyDirVolume:\n                                    memory: false\n                                    mountPath: \"/tmp\"\n                              podRetention: \"never\"\n                              activeDeadlineSeconds: \"500\"\n",
            "content_base64": "IyBDb3B5cmlnaHQgMjAyMCBHb29nbGUgTExDCiMKIyBMaWNlbnNlZCB1bmRlciB0aGUgQXBhY2hlIExpY2Vuc2UsIFZlcnNpb24gMi4wICh0aGUgIkxpY2Vuc2UiKTsKIyB5b3UgbWF5IG5vdCB1c2UgdGhpcyBmaWxlIGV4Y2VwdCBpbiBjb21wbGlhbmNlIHdpdGggdGhlIExpY2Vuc2UuCiMgWW91IG1heSBvYnRhaW4gYSBjb3B5IG9mIHRoZSBMaWNlbnNlIGF0CiMKIyAgICAgIGh0dHA6Ly93d3cuYXBhY2hlLm9yZy9saWNlbnNlcy9MSUNFTlNFLTIuMAojCiMgVW5sZXNzIHJlcXVpcmVkIGJ5IGFwcGxpY2FibGUgbGF3IG9yIGFncmVlZCB0byBpbiB3cml0aW5nLCBzb2Z0d2FyZQojIGRpc3RyaWJ1dGVkIHVuZGVyIHRoZSBMaWNlbnNlIGlzIGRpc3RyaWJ1dGVkIG9uIGFuICJBUyBJUyIgQkFTSVMsCiMgV0lUSE9VVCBXQVJSQU5USUVTIE9SIENPTkRJVElPTlMgT0YgQU5ZIEtJTkQsIGVpdGhlciBleHByZXNzIG9yIGltcGxpZWQuCiMgU2VlIHRoZSBMaWNlbnNlIGZvciB0aGUgc3BlY2lmaWMgbGFuZ3VhZ2UgZ292ZXJuaW5nIHBlcm1pc3Npb25zIGFuZAojIGxpbWl0YXRpb25zIHVuZGVyIHRoZSBMaWNlbnNlLgoKbWFzdGVyOgogIHRhZzogIjIuMjY0IgogIGNvbnRhaW5lckVudjoKICAgIC0gbmFtZTogUFJPSkVDVF9JRAogICAgICB2YWx1ZUZyb206CiAgICAgICAgc2VjcmV0S2V5UmVmOgogICAgICAgICAgICBuYW1lOiBqZW5raW5zLWs4cy1jb25maWcKICAgICAgICAgICAga2V5OiBwcm9qZWN0X2lkCiAgICAtIG5hbWU6IGplbmtpbnNfdGZfa3NhCiAgICAgIHZhbHVlRnJvbToKICAgICAgICBzZWNyZXRLZXlSZWY6CiAgICAgICAgICAgIG5hbWU6IGplbmtpbnMtazhzLWNvbmZpZwogICAgICAgICAgICBrZXk6IGplbmtpbnNfdGZfa3NhCiAgc2VydmljZVBvcnQ6IDgwCiAgc2VydmljZVR5cGU6IExvYWRCYWxhbmNlcgogIGluc3RhbGxQbHVnaW5zOgogICAgLSBrdWJlcm5ldGVzOjEuMjcuMwogICAgLSB3b3JrZmxvdy1qb2I6Mi40MAogICAgLSB3b3JrZmxvdy1hZ2dyZWdhdG9yOjIuNgogICAgLSBjcmVkZW50aWFscy1iaW5kaW5nOjEuMjQKICAgIC0gZ2l0OjQuNC41CiAgICAtIGJsdWVvY2VhbjoxLjI0LjMKICAgIC0gZG9ja2VyLWN1c3RvbS1idWlsZC1lbnZpcm9ubWVudDoxLjcuMwogICAgLSBjcmVkZW50aWFsczoyLjMuMTMKICAgIC0gZG9ja2VyLWNvbW1vbnM6MS4xNwogICAgLSBkb2NrZXItd29ya2Zsb3c6MS4yNAogICAgLSBqb2ItZHNsOjEuNzcKICAgIC0gY29uZmlndXJhdGlvbi1hcy1jb2RlOjEuNDUKICAgIC0gamRrLXRvb2w6MS40CiAgSkNhc0M6CiAgICBlbmFibGVkOiB0cnVlCiAgICBjb25maWdTY3JpcHRzOgogICAgICAgIGNsb3VkOiB8CiAgICAgICAgICAgIGplbmtpbnM6CiAgICAgICAgICAgICAgICBjbG91ZHM6CiAgICAgICAgICAgICAgICAgICAgLSBrdWJlcm5ldGVzOgogICAgICAgICAgICAgICAgICAgICAgICBuYW1lOiAiZ2tlLWV4ZWN1dG9ycyIKICAgICAgICAgICAgICAgICAgICAgICAgc2VydmVyVXJsOiAiaHR0cHM6Ly9rdWJlcm5ldGVzLmRlZmF1bHQiCiAgICAgICAgICAgICAgICAgICAgICAgIGplbmtpbnNUdW5uZWw6ICJqZW5raW5zLWFnZW50OjUwMDAwIgogICAgICAgICAgICAgICAgICAgICAgICBqZW5raW5zVXJsOiAiaHR0cDovL2plbmtpbnM6ODAiCiAgICAgICAgICAgICAgICAgICAgICAgIHNraXBUbHNWZXJpZnk6IHRydWUKICAgICAgICAgICAgICAgICAgICAgICAgbmFtZXNwYWNlOiAiZGVmYXVsdCIKICAgICAgICAgICAgICAgICAgICAgICAgdGVtcGxhdGVzOgogICAgICAgICAgICAgICAgICAgICAgICAgICAgLSBuYW1lOiAiamVua2lucy1qbmxwIgogICAgICAgICAgICAgICAgICAgICAgICAgICAgICBuYW1lc3BhY2U6ICJkZWZhdWx0IgogICAgICAgICAgICAgICAgICAgICAgICAgICAgICBub2RlVXNhZ2VNb2RlOiBOT1JNQUwKICAgICAgICAgICAgICAgICAgICAgICAgICAgICAgbGFiZWw6ICJqbmxwLWV4ZWMiCiAgICAgICAgICAgICAgICAgICAgICAgICAgICAgIGNvbnRhaW5lcnM6CiAgICAgICAgICAgICAgICAgICAgICAgICAgICAgICAgLSBuYW1lOiAiam5scCIKICAgICAgICAgICAgICAgICAgICAgICAgICAgICAgICAgIGltYWdlOiAiamVua2lucy9qbmxwLXNsYXZlIgogICAgICAgICAgICAgICAgICAgICAgICAgICAgICAgICAgYWx3YXlzUHVsbEltYWdlOiBmYWxzZQogICAgICAgICAgICAgICAgICAgICAgICAgICAgICAgICAgd29ya2luZ0RpcjogIi9ob21lL2plbmtpbnMvYWdlbnQiCiAgICAgICAgICAgICAgICAgICAgICAgICAgICAgICAgICB0dHlFbmFibGVkOiB0cnVlCiAgICAgICAgICAgICAgICAgICAgICAgICAgICAgICAgICBjb21tYW5kOiAiIgogICAgICAgICAgICAgICAgICAgICAgICAgICAgICAgICAgYXJnczogIiIKICAgICAgICAgICAgICAgICAgICAgICAgICAgICAgICAgIHJlc291cmNlUmVxdWVzdENwdTogIjUwMG0iCiAgICAgICAgICAgICAgICAgICAgICAgICAgICAgICAgICByZXNvdXJjZUxpbWl0Q3B1OiAiMTAwMG0iCiAgICAgICAgICAgICAgICAgICAgICAgICAgICAgICAgICByZXNvdXJjZVJlcXVlc3RNZW1vcnk6ICIxR2kiCiAgICAgICAgICAgICAgICAgICAgICAgICAgICAgICAgICByZXNvdXJjZUxpbWl0TWVtb3J5OiAiMkdpIgogICAgICAgICAgICAgICAgICAgICAgICAgICAgICB2b2x1bWVzOgogICAgICAgICAgICAgICAgICAgICAgICAgICAgICAgIC0gZW1wdHlEaXJWb2x1bWU6CiAgICAgICAgICAgICAgICAgICAgICAgICAgICAgICAgICAgIG1lbW9yeTogZmFsc2UKICAgICAgICAgICAgICAgICAgICAgICAgICAgICAgICAgICAgbW91bnRQYXRoOiAiL3RtcCIKICAgICAgICAgICAgICAgICAgICAgICAgICAgICAgaWRsZU1pbnV0ZXM6ICIxIgogICAgICAgICAgICAgICAgICAgICAgICAgICAgICBhY3RpdmVEZWFkbGluZVNlY29uZHM6ICIxMjAiCiAgICAgICAgICAgICAgICAgICAgICAgICAgICAgIHNsYXZlQ29ubmVjdFRpbWVvdXQ6ICIxMDAwIgogICAgICAgICAgICAgICAgICAgICAgICAgICAgLSBuYW1lOiAidGVycmFmb3JtIgogICAgICAgICAgICAgICAgICAgICAgICAgICAgICBuYW1lc3BhY2U6ICJkZWZhdWx0IgogICAgICAgICAgICAgICAgICAgICAgICAgICAgICBub2RlVXNhZ2VNb2RlOiBOT1JNQUwKICAgICAgICAgICAgICAgICAgICAgICAgICAgICAgc2VydmljZUFjY291bnQ6ICR7amVua2luc190Zl9rc2F9CiAgICAgICAgICAgICAgICAgICAgICAgICAgICAgIGxhYmVsOiAidGVycmFmb3JtLWV4ZWMiCiAgICAgICAgICAgICAgICAgICAgICAgICAgICAgIGNvbnRhaW5lcnM6CiAgICAgICAgICAgICAgICAgICAgICAgICAgICAgICAgLSBuYW1lOiAidGVycmFmb3JtIgogICAgICAgICAgICAgICAgICAgICAgICAgICAgICAgICAgaW1hZ2U6ICJoYXNoaWNvcnAvdGVycmFmb3JtOjAuMTIuMjkiCiAgICAgICAgICAgICAgICAgICAgICAgICAgICAgICAgICBhbHdheXNQdWxsSW1hZ2U6IGZhbHNlCiAgICAgICAgICAgICAgICAgICAgICAgICAgICAgICAgICB3b3JraW5nRGlyOiAiL2hvbWUvamVua2lucy9hZ2VudCIKICAgICAgICAgICAgICAgICAgICAgICAgICAgICAgICAgIHR0eUVuYWJsZWQ6IHRydWUKICAgICAgICAgICAgICAgICAgICAgICAgICAgICAgICAgIGNvbW1hbmQ6ICIvYmluL3NoIC1jIgogICAgICAgICAgICAgICAgICAgICAgICAgICAgICAgICAgYXJnczogImNhdCIKICAgICAgICAgICAgICAgICAgICAgICAgICAgICAgICAgIHJlc291cmNlUmVxdWVzdENwdTogIjUwMG0iCiAgICAgICAgICAgICAgICAgICAgICAgICAgICAgICAgICByZXNvdXJjZUxpbWl0Q3B1OiAiMTAwMG0iCiAgICAgICAgICAgICAgICAgICAgICAgICAgICAgICAgICByZXNvdXJjZVJlcXVlc3RNZW1vcnk6ICIxR2kiCiAgICAgICAgICAgICAgICAgICAgICAgICAgICAgICAgICByZXNvdXJjZUxpbWl0TWVtb3J5OiAiMkdpIgogICAgICAgICAgICAgICAgICAgICAgICAgICAgICB2b2x1bWVzOgogICAgICAgICAgICAgICAgICAgICAgICAgICAgICAgIC0gZW1wdHlEaXJWb2x1bWU6CiAgICAgICAgICAgICAgICAgICAgICAgICAgICAgICAgICAgIG1lbW9yeTogZmFsc2UKICAgICAgICAgICAgICAgICAgICAgICAgICAgICAgICAgICAgbW91bnRQYXRoOiAiL3RtcCIKICAgICAgICAgICAgICAgICAgICAgICAgICAgICAgcG9kUmV0ZW50aW9uOiAibmV2ZXIiCiAgICAgICAgICAgICAgICAgICAgICAgICAgICAgIGFjdGl2ZURlYWRsaW5lU2Vjb25kczogIjUwMCIK",
            "filename": "./values.yaml",
            "id": "b1c5f09b3c07d321a437ac8c4866bc6ab96f1472"
          }
        }
      ]
    },
    {
      "module": "module.gke_auth",
      "mode": "data",
      "type": "template_file",
      "name": "kubeconfig",
      "provider": "provider.template",
      "instances": [
        {
          "schema_version": 0,
          "attributes": {
            "filename": null,
            "id": "70ce01014bc5bc51da355674ffa96af04445b1ab38967ea50cb442eb7db003d4",
            "rendered": "apiVersion: v1\nclusters:\n- cluster:\n    certificate-authority-data: LS0tLS1CRUdJTiBDRVJUSUZJQ0FURS0tLS0tCk1JSURLekNDQWhPZ0F3SUJBZ0lSQUtuWjlEcmxVYzR5blJGWXcrL0poSGt3RFFZSktvWklodmNOQVFFTEJRQXcKTHpFdE1Dc0dBMVVFQXhNa05Ua3dZell5WVRZdFlXWmlZUzAwTkRrMkxXRTRPVGN0T0dVNE5qTTRZVEl3T0RjNApNQjRYRFRJd01URXlOVEExTWpVME1Wb1hEVEkxTVRFeU5EQTJNalUwTVZvd0x6RXRNQ3NHQTFVRUF4TWtOVGt3Cll6WXlZVFl0WVdaaVlTMDBORGsyTFdFNE9UY3RPR1U0TmpNNFlUSXdPRGM0TUlJQklqQU5CZ2txaGtpRzl3MEIKQVFFRkFBT0NBUThBTUlJQkNnS0NBUUVBdWhyUFV3VnYxNUdWTHprTnB0a2FYWjBuK1FmQkc4NmJNcnhFTXgxSAp3VlAzUzZOOXdQczlkSWJlR3BBV1NyMXpFM3BJUmZFODZTeEFGNHFwZWFGd2gwTzcxOEd3N0xZck51bTNnZGF5CjBDWnBMZThDOGRXV0crVTZXRkl4Y2VTaWJvQnhDakpiN3hTclZ5cnVvVWUzSlFyT2VQQ3VEZTJSRFVQdEhlZkYKMEo2b0pZTGl1TFJYNTduYnRMb01odVlnbFZSN3R1d0dmRmQrTkRWNDlTYk16cEhTZzFqMFJ1NlV3bzdISEdIbQp3Z2cwQWZEeGgrM05NcDMwMWM3TjhHMUxDdjk3R09NT04yWUw2Zk4wTGFCZlNVWTNrK091M21zdVIwN1ZaUFg0Ci9LOG1YZ1h6N3c5cTFwa1dDS2FBaVgvSUt2RjlHYm1xZFBmck1qRVU5d1haU3dJREFRQUJvMEl3UURBT0JnTlYKSFE4QkFmOEVCQU1DQWdRd0R3WURWUjBUQVFIL0JBVXdBd0VCL3pBZEJnTlZIUTRFRmdRVW4wYU11WHVCSmVKMQp5a1VvYnY3WlNTUW1FYVl3RFFZSktvWklodmNOQVFFTEJRQURnZ0VCQUl5WGZqSTdSdWRMWGwzYVdsWDdoVFU3Ci9VYW1qZE1yL1FwNXdqUTRpazJXUnpUNFhzaFB2dUVOZGhhZ3ZaeGlLc3RKYXkzbnJTQ3NZVFE4NlhCTlpja3kKYXNkdk5VM3psNWF6SUd0b25ia0NPQVlDQlhrK3QzakRTQzlVbXlmeU1MbGJFUmlZVk1NSG9ZRWJJL2RhYVRqTQp5alY4Zy9oVFBQTDVJc29hS3M0ZllYM3FpWDBacFhldVBkbHVZUUUzUHJOdDR2TXU5M1Q1ejRmaldsTFNpcUxBCmhKcE5qZnhQOE1yT09rcndHUXI4UllXVlcxcDRVM0NmWE9CNlk0UzhHT2dlU1lReUk0Y2YwbWNGSnNBWjRPTlYKUjc3UUJNUm56Y256d1kzeE9IdkhVL2JwVFAwVUU0SUZxRStib1E5TkFwZTZ1SGwyQVFXODk5UlFyeEVPd1F3PQotLS0tLUVORCBDRVJUSUZJQ0FURS0tLS0tCg==\n    server: https://35.204.103.119\n  name: jenkins-23\ncontexts:\n- context:\n    cluster: jenkins-23\n    user: jenkins-23\n  name: jenkins-23\ncurrent-context: jenkins-23\nkind: Config\npreferences: {}\nusers:\n- name: jenkins-23\n  user:\n    token: ya29.a0AfH6SMDmXEwg-iDWdhGK1SGYOKE0Df9H6i6LpNqW8qVTk869N1FErXCqwn44JhX2ZdbHyM9q6PtTkSMf1IBx0R1lS8BHD51QdyhVgFIS9XV6q1uhjI6j-tCu9UpeHY60vX6rxUydqgdGM7LjCJ5eshLi1t94x2lx09Ldm67uDLP-SJrrsVpqYmTbKLAiEQYrHI_pIg5TLBx5rSEOCntoVXK82yfBXFHvX2W4iyX-Lmzb4dXMDT6U3MSp7NKD-TD2y5PECciJXkd_H3wUKit6\n",
            "template": "apiVersion: v1\nclusters:\n- cluster:\n    certificate-authority-data: ${cluster_ca_certificate}\n    server: https://${endpoint}\n  name: ${context}\ncontexts:\n- context:\n    cluster: ${context}\n    user: ${context}\n  name: ${context}\ncurrent-context: ${context}\nkind: Config\npreferences: {}\nusers:\n- name: ${context}\n  user:\n    token: ${token}\n",
            "vars": {
              "cluster_ca_certificate": "LS0tLS1CRUdJTiBDRVJUSUZJQ0FURS0tLS0tCk1JSURLekNDQWhPZ0F3SUJBZ0lSQUtuWjlEcmxVYzR5blJGWXcrL0poSGt3RFFZSktvWklodmNOQVFFTEJRQXcKTHpFdE1Dc0dBMVVFQXhNa05Ua3dZell5WVRZdFlXWmlZUzAwTkRrMkxXRTRPVGN0T0dVNE5qTTRZVEl3T0RjNApNQjRYRFRJd01URXlOVEExTWpVME1Wb1hEVEkxTVRFeU5EQTJNalUwTVZvd0x6RXRNQ3NHQTFVRUF4TWtOVGt3Cll6WXlZVFl0WVdaaVlTMDBORGsyTFdFNE9UY3RPR1U0TmpNNFlUSXdPRGM0TUlJQklqQU5CZ2txaGtpRzl3MEIKQVFFRkFBT0NBUThBTUlJQkNnS0NBUUVBdWhyUFV3VnYxNUdWTHprTnB0a2FYWjBuK1FmQkc4NmJNcnhFTXgxSAp3VlAzUzZOOXdQczlkSWJlR3BBV1NyMXpFM3BJUmZFODZTeEFGNHFwZWFGd2gwTzcxOEd3N0xZck51bTNnZGF5CjBDWnBMZThDOGRXV0crVTZXRkl4Y2VTaWJvQnhDakpiN3hTclZ5cnVvVWUzSlFyT2VQQ3VEZTJSRFVQdEhlZkYKMEo2b0pZTGl1TFJYNTduYnRMb01odVlnbFZSN3R1d0dmRmQrTkRWNDlTYk16cEhTZzFqMFJ1NlV3bzdISEdIbQp3Z2cwQWZEeGgrM05NcDMwMWM3TjhHMUxDdjk3R09NT04yWUw2Zk4wTGFCZlNVWTNrK091M21zdVIwN1ZaUFg0Ci9LOG1YZ1h6N3c5cTFwa1dDS2FBaVgvSUt2RjlHYm1xZFBmck1qRVU5d1haU3dJREFRQUJvMEl3UURBT0JnTlYKSFE4QkFmOEVCQU1DQWdRd0R3WURWUjBUQVFIL0JBVXdBd0VCL3pBZEJnTlZIUTRFRmdRVW4wYU11WHVCSmVKMQp5a1VvYnY3WlNTUW1FYVl3RFFZSktvWklodmNOQVFFTEJRQURnZ0VCQUl5WGZqSTdSdWRMWGwzYVdsWDdoVFU3Ci9VYW1qZE1yL1FwNXdqUTRpazJXUnpUNFhzaFB2dUVOZGhhZ3ZaeGlLc3RKYXkzbnJTQ3NZVFE4NlhCTlpja3kKYXNkdk5VM3psNWF6SUd0b25ia0NPQVlDQlhrK3QzakRTQzlVbXlmeU1MbGJFUmlZVk1NSG9ZRWJJL2RhYVRqTQp5alY4Zy9oVFBQTDVJc29hS3M0ZllYM3FpWDBacFhldVBkbHVZUUUzUHJOdDR2TXU5M1Q1ejRmaldsTFNpcUxBCmhKcE5qZnhQOE1yT09rcndHUXI4UllXVlcxcDRVM0NmWE9CNlk0UzhHT2dlU1lReUk0Y2YwbWNGSnNBWjRPTlYKUjc3UUJNUm56Y256d1kzeE9IdkhVL2JwVFAwVUU0SUZxRStib1E5TkFwZTZ1SGwyQVFXODk5UlFyeEVPd1F3PQotLS0tLUVORCBDRVJUSUZJQ0FURS0tLS0tCg==",
              "context": "jenkins-23",
              "endpoint": "35.204.103.119",
              "token": "ya29.a0AfH6SMDmXEwg-iDWdhGK1SGYOKE0Df9H6i6LpNqW8qVTk869N1FErXCqwn44JhX2ZdbHyM9q6PtTkSMf1IBx0R1lS8BHD51QdyhVgFIS9XV6q1uhjI6j-tCu9UpeHY60vX6rxUydqgdGM7LjCJ5eshLi1t94x2lx09Ldm67uDLP-SJrrsVpqYmTbKLAiEQYrHI_pIg5TLBx5rSEOCntoVXK82yfBXFHvX2W4iyX-Lmzb4dXMDT6U3MSp7NKD-TD2y5PECciJXkd_H3wUKit6"
            }
          }
        }
      ]
    },
    {
      "module": "module.jenkins-vpc.module.vpc",
      "mode": "managed",
      "type": "google_compute_network",
      "name": "network",
      "provider": "provider.google",
      "instances": [
        {
          "schema_version": 0,
          "attributes": {
            "auto_create_subnetworks": false,
            "delete_default_routes_on_create": false,
            "description": "",
            "gateway_ipv4": "",
            "id": "projects/architect-certification-289902/global/networks/jenkins-network-23",
            "mtu": 0,
            "name": "jenkins-network-23",
            "project": "architect-certification-289902",
            "routing_mode": "GLOBAL",
            "self_link": "https://www.googleapis.com/compute/v1/projects/architect-certification-289902/global/networks/jenkins-network-23",
            "timeouts": null
          },
          "private": "eyJlMmJmYjczMC1lY2FhLTExZTYtOGY4OC0zNDM2M2JjN2M0YzAiOnsiY3JlYXRlIjoyNDAwMDAwMDAwMDAsImRlbGV0ZSI6MjQwMDAwMDAwMDAwLCJ1cGRhdGUiOjI0MDAwMDAwMDAwMH19",
          "dependencies": [
            "module.enables-google-apis.google_project_service.project_services"
          ]
        }
      ]
    },
    {
      "module": "module.jenkins-vpc.module.routes",
      "mode": "managed",
      "type": "google_compute_route",
      "name": "route",
      "each": "map",
      "provider": "provider.google",
      "instances": []
    },
    {
      "module": "module.jenkins-vpc.module.vpc",
      "mode": "managed",
      "type": "google_compute_shared_vpc_host_project",
      "name": "shared_vpc_host",
      "each": "list",
      "provider": "provider.google",
      "instances": []
    },
    {
      "module": "module.jenkins-vpc.module.subnets",
      "mode": "managed",
      "type": "google_compute_subnetwork",
      "name": "subnetwork",
      "each": "map",
      "provider": "provider.google",
      "instances": [
        {
          "index_key": "europe-west4/jenkins-subnet-23",
          "schema_version": 0,
          "attributes": {
            "creation_timestamp": "2020-11-24T22:25:17.137-08:00",
            "description": "",
            "fingerprint": null,
            "gateway_address": "10.0.0.1",
            "id": "projects/architect-certification-289902/regions/europe-west4/subnetworks/jenkins-subnet-23",
            "ip_cidr_range": "10.0.0.0/17",
            "log_config": [],
            "name": "jenkins-subnet-23",
            "network": "https://www.googleapis.com/compute/v1/projects/architect-certification-289902/global/networks/jenkins-network-23",
            "private_ip_google_access": false,
            "private_ipv6_google_access": "DISABLE_GOOGLE_ACCESS",
            "project": "architect-certification-289902",
            "region": "europe-west4",
            "secondary_ip_range": [
              {
                "ip_cidr_range": "192.168.0.0/18",
                "range_name": "ip-range-pods"
              },
              {
                "ip_cidr_range": "192.168.64.0/18",
                "range_name": "ip-range-scv"
              }
            ],
            "self_link": "https://www.googleapis.com/compute/v1/projects/architect-certification-289902/regions/europe-west4/subnetworks/jenkins-subnet-23",
            "timeouts": null
          },
          "private": "eyJlMmJmYjczMC1lY2FhLTExZTYtOGY4OC0zNDM2M2JjN2M0YzAiOnsiY3JlYXRlIjozNjAwMDAwMDAwMDAsImRlbGV0ZSI6MzYwMDAwMDAwMDAwLCJ1cGRhdGUiOjM2MDAwMDAwMDAwMH19",
          "dependencies": [
            "module.enables-google-apis.google_project_service.project_services",
            "module.jenkins-vpc.module.vpc.google_compute_network.network"
          ]
        }
      ]
    },
    {
      "module": "module.jenkins-gke",
      "mode": "managed",
      "type": "google_container_cluster",
      "name": "primary",
      "provider": "provider.google-beta",
      "instances": [
        {
          "schema_version": 1,
          "attributes": {
            "addons_config": [
              {
                "cloudrun_config": [],
                "config_connector_config": [],
                "dns_cache_config": [],
                "gce_persistent_disk_csi_driver_config": [],
                "horizontal_pod_autoscaling": [
                  {
                    "disabled": false
                  }
                ],
                "http_load_balancing": [
                  {
                    "disabled": false
                  }
                ],
                "istio_config": [
                  {
                    "auth": "",
                    "disabled": true
                  }
                ],
                "kalm_config": [],
                "network_policy_config": [
                  {
                    "disabled": false
                  }
                ]
              }
            ],
            "authenticator_groups_config": [],
            "cluster_autoscaling": [
              {
                "auto_provisioning_defaults": [],
                "autoscaling_profile": "BALANCED",
                "enabled": false,
                "resource_limits": []
              }
            ],
            "cluster_ipv4_cidr": "192.168.0.0/18",
            "cluster_telemetry": [
              {
                "type": "ENABLED"
              }
            ],
            "confidential_nodes": [],
            "database_encryption": [
              {
                "key_name": "",
                "state": "DECRYPTED"
              }
            ],
            "datapath_provider": "",
            "default_max_pods_per_node": 110,
            "default_snat_status": [
              {
                "disabled": false
              }
            ],
            "description": "",
            "enable_binary_authorization": false,
            "enable_intranode_visibility": false,
            "enable_kubernetes_alpha": false,
            "enable_legacy_abac": false,
            "enable_shielded_nodes": false,
            "enable_tpu": false,
            "endpoint": "35.204.103.119",
            "id": "projects/architect-certification-289902/locations/europe-west4-a/clusters/jenkins-23",
            "initial_node_count": 0,
            "instance_group_urls": [
              "https://www.googleapis.com/compute/beta/projects/architect-certification-289902/zones/europe-west4-a/instanceGroups/gke-jenkins-23-butler-pool-e6435b7b-grp",
              "https://www.googleapis.com/compute/beta/projects/architect-certification-289902/zones/europe-west4-b/instanceGroups/gke-jenkins-23-butler-pool-7d2fa5a2-grp"
            ],
            "ip_allocation_policy": [
              {
                "cluster_ipv4_cidr_block": "192.168.0.0/18",
                "cluster_secondary_range_name": "ip-range-pods",
                "services_ipv4_cidr_block": "192.168.64.0/18",
                "services_secondary_range_name": "ip-range-scv"
              }
            ],
            "label_fingerprint": "a9dc16a7",
            "location": "europe-west4-a",
            "logging_service": "logging.googleapis.com/kubernetes",
            "maintenance_policy": [
              {
                "daily_maintenance_window": [
                  {
                    "duration": "PT4H0M0S",
                    "start_time": "05:00"
                  }
                ],
                "maintenance_exclusion": [],
                "recurring_window": []
              }
            ],
            "master_auth": [
              {
                "client_certificate": "",
                "client_certificate_config": [
                  {
                    "issue_client_certificate": false
                  }
                ],
                "client_key": "",
                "cluster_ca_certificate": "LS0tLS1CRUdJTiBDRVJUSUZJQ0FURS0tLS0tCk1JSURLekNDQWhPZ0F3SUJBZ0lSQUtuWjlEcmxVYzR5blJGWXcrL0poSGt3RFFZSktvWklodmNOQVFFTEJRQXcKTHpFdE1Dc0dBMVVFQXhNa05Ua3dZell5WVRZdFlXWmlZUzAwTkRrMkxXRTRPVGN0T0dVNE5qTTRZVEl3T0RjNApNQjRYRFRJd01URXlOVEExTWpVME1Wb1hEVEkxTVRFeU5EQTJNalUwTVZvd0x6RXRNQ3NHQTFVRUF4TWtOVGt3Cll6WXlZVFl0WVdaaVlTMDBORGsyTFdFNE9UY3RPR1U0TmpNNFlUSXdPRGM0TUlJQklqQU5CZ2txaGtpRzl3MEIKQVFFRkFBT0NBUThBTUlJQkNnS0NBUUVBdWhyUFV3VnYxNUdWTHprTnB0a2FYWjBuK1FmQkc4NmJNcnhFTXgxSAp3VlAzUzZOOXdQczlkSWJlR3BBV1NyMXpFM3BJUmZFODZTeEFGNHFwZWFGd2gwTzcxOEd3N0xZck51bTNnZGF5CjBDWnBMZThDOGRXV0crVTZXRkl4Y2VTaWJvQnhDakpiN3hTclZ5cnVvVWUzSlFyT2VQQ3VEZTJSRFVQdEhlZkYKMEo2b0pZTGl1TFJYNTduYnRMb01odVlnbFZSN3R1d0dmRmQrTkRWNDlTYk16cEhTZzFqMFJ1NlV3bzdISEdIbQp3Z2cwQWZEeGgrM05NcDMwMWM3TjhHMUxDdjk3R09NT04yWUw2Zk4wTGFCZlNVWTNrK091M21zdVIwN1ZaUFg0Ci9LOG1YZ1h6N3c5cTFwa1dDS2FBaVgvSUt2RjlHYm1xZFBmck1qRVU5d1haU3dJREFRQUJvMEl3UURBT0JnTlYKSFE4QkFmOEVCQU1DQWdRd0R3WURWUjBUQVFIL0JBVXdBd0VCL3pBZEJnTlZIUTRFRmdRVW4wYU11WHVCSmVKMQp5a1VvYnY3WlNTUW1FYVl3RFFZSktvWklodmNOQVFFTEJRQURnZ0VCQUl5WGZqSTdSdWRMWGwzYVdsWDdoVFU3Ci9VYW1qZE1yL1FwNXdqUTRpazJXUnpUNFhzaFB2dUVOZGhhZ3ZaeGlLc3RKYXkzbnJTQ3NZVFE4NlhCTlpja3kKYXNkdk5VM3psNWF6SUd0b25ia0NPQVlDQlhrK3QzakRTQzlVbXlmeU1MbGJFUmlZVk1NSG9ZRWJJL2RhYVRqTQp5alY4Zy9oVFBQTDVJc29hS3M0ZllYM3FpWDBacFhldVBkbHVZUUUzUHJOdDR2TXU5M1Q1ejRmaldsTFNpcUxBCmhKcE5qZnhQOE1yT09rcndHUXI4UllXVlcxcDRVM0NmWE9CNlk0UzhHT2dlU1lReUk0Y2YwbWNGSnNBWjRPTlYKUjc3UUJNUm56Y256d1kzeE9IdkhVL2JwVFAwVUU0SUZxRStib1E5TkFwZTZ1SGwyQVFXODk5UlFyeEVPd1F3PQotLS0tLUVORCBDRVJUSUZJQ0FURS0tLS0tCg==",
                "password": "",
                "username": ""
              }
            ],
            "master_authorized_networks_config": [],
            "master_version": "1.17.13-gke.2600",
            "min_master_version": "1.17.13-gke.2600",
            "monitoring_service": "monitoring.googleapis.com/kubernetes",
            "name": "jenkins-23",
            "network": "projects/architect-certification-289902/global/networks/jenkins-network-23",
            "network_policy": [
              {
                "enabled": true,
                "provider": "CALICO"
              }
            ],
            "networking_mode": "VPC_NATIVE",
            "node_config": [
              {
                "boot_disk_kms_key": "",
                "disk_size_gb": 100,
                "disk_type": "pd-standard",
                "guest_accelerator": [],
                "image_type": "COS",
                "kubelet_config": [],
                "labels": {
                  "cluster_name": "jenkins-23",
                  "node_pool": "butler-pool"
                },
                "linux_node_config": [],
                "local_ssd_count": 0,
                "machine_type": "n1-standard-2",
                "metadata": {
                  "cluster_name": "jenkins-23",
                  "disable-legacy-endpoints": "true",
                  "node_pool": "butler-pool"
                },
                "min_cpu_platform": "",
                "oauth_scopes": [
                  "https://www.googleapis.com/auth/cloud-platform"
                ],
                "preemptible": false,
                "sandbox_config": [],
                "service_account": "tf-gke-jenkins-23-f082@architect-certification-289902.iam.gserviceaccount.com",
                "shielded_instance_config": [
                  {
                    "enable_integrity_monitoring": true,
                    "enable_secure_boot": false
                  }
                ],
                "tags": [
                  "gke-jenkins-23",
                  "gke-jenkins-23-butler-pool"
                ],
                "taint": [],
                "workload_metadata_config": [
                  {
                    "node_metadata": "GKE_METADATA_SERVER"
                  }
                ]
              }
            ],
            "node_locations": [
              "europe-west4-b"
            ],
            "node_pool": [
              {
                "autoscaling": [
                  {
                    "max_node_count": 3,
                    "min_node_count": 1
                  }
                ],
                "initial_node_count": 1,
                "instance_group_urls": [
                  "https://www.googleapis.com/compute/v1/projects/architect-certification-289902/zones/europe-west4-a/instanceGroupManagers/gke-jenkins-23-butler-pool-e6435b7b-grp",
                  "https://www.googleapis.com/compute/v1/projects/architect-certification-289902/zones/europe-west4-b/instanceGroupManagers/gke-jenkins-23-butler-pool-7d2fa5a2-grp"
                ],
                "management": [
                  {
                    "auto_repair": true,
                    "auto_upgrade": true
                  }
                ],
                "max_pods_per_node": 110,
                "name": "butler-pool",
                "name_prefix": "",
                "node_config": [
                  {
                    "boot_disk_kms_key": "",
                    "disk_size_gb": 100,
                    "disk_type": "pd-standard",
                    "guest_accelerator": [],
                    "image_type": "COS",
                    "kubelet_config": [],
                    "labels": {
                      "cluster_name": "jenkins-23",
                      "node_pool": "butler-pool"
                    },
                    "linux_node_config": [],
                    "local_ssd_count": 0,
                    "machine_type": "n1-standard-2",
                    "metadata": {
                      "cluster_name": "jenkins-23",
                      "disable-legacy-endpoints": "true",
                      "node_pool": "butler-pool"
                    },
                    "min_cpu_platform": "",
                    "oauth_scopes": [
                      "https://www.googleapis.com/auth/cloud-platform"
                    ],
                    "preemptible": false,
                    "sandbox_config": [],
                    "service_account": "tf-gke-jenkins-23-f082@architect-certification-289902.iam.gserviceaccount.com",
                    "shielded_instance_config": [
                      {
                        "enable_integrity_monitoring": true,
                        "enable_secure_boot": false
                      }
                    ],
                    "tags": [
                      "gke-jenkins-23",
                      "gke-jenkins-23-butler-pool"
                    ],
                    "taint": [],
                    "workload_metadata_config": [
                      {
                        "node_metadata": "GKE_METADATA_SERVER"
                      }
                    ]
                  }
                ],
                "node_count": 1,
                "node_locations": [
                  "europe-west4-a",
                  "europe-west4-b"
                ],
                "upgrade_settings": [
                  {
                    "max_surge": 1,
                    "max_unavailable": 0
                  }
                ],
                "version": "1.17.13-gke.2600"
              }
            ],
            "node_version": "1.17.13-gke.2600",
            "notification_config": [
              {
                "pubsub": [
                  {
                    "enabled": false,
                    "topic": ""
                  }
                ]
              }
            ],
            "operation": null,
            "pod_security_policy_config": [
              {
                "enabled": false
              }
            ],
            "private_cluster_config": [],
            "project": "architect-certification-289902",
            "release_channel": [
              {
                "channel": "UNSPECIFIED"
              }
            ],
            "remove_default_node_pool": true,
            "resource_labels": {},
            "resource_usage_export_config": [],
            "self_link": "https://container.googleapis.com/v1beta1/projects/architect-certification-289902/zones/europe-west4-a/clusters/jenkins-23",
            "services_ipv4_cidr": "192.168.64.0/18",
            "subnetwork": "projects/architect-certification-289902/regions/europe-west4/subnetworks/jenkins-subnet-23",
            "timeouts": {
              "create": "45m",
              "delete": "45m",
              "read": null,
              "update": "45m"
            },
            "tpu_ipv4_cidr_block": "",
            "vertical_pod_autoscaling": [
              {
                "enabled": false
              }
            ],
            "workload_identity_config": [
              {
                "identity_namespace": "architect-certification-289902.svc.id.goog"
              }
            ]
          },
          "private": "eyJlMmJmYjczMC1lY2FhLTExZTYtOGY4OC0zNDM2M2JjN2M0YzAiOnsiY3JlYXRlIjoyNzAwMDAwMDAwMDAwLCJkZWxldGUiOjI3MDAwMDAwMDAwMDAsInJlYWQiOjI0MDAwMDAwMDAwMDAsInVwZGF0ZSI6MjcwMDAwMDAwMDAwMH0sInNjaGVtYV92ZXJzaW9uIjoiMSJ9",
          "dependencies": [
            "module.enables-google-apis.google_project_service.project_services",
            "module.jenkins-gke.google_service_account.cluster_service_account",
            "module.jenkins-gke.random_shuffle.available_zones",
            "module.jenkins-gke.random_string.cluster_service_account_suffix",
            "module.jenkins-vpc.module.subnets.google_compute_subnetwork.subnetwork",
            "module.jenkins-vpc.module.vpc.google_compute_network.network"
          ]
        }
      ]
    },
    {
      "module": "module.jenkins-gke",
      "mode": "managed",
      "type": "google_container_node_pool",
      "name": "pools",
      "each": "map",
      "provider": "provider.google-beta",
      "instances": [
        {
          "index_key": "butler-pool",
          "schema_version": 1,
          "attributes": {
            "autoscaling": [
              {
                "max_node_count": 3,
                "min_node_count": 1
              }
            ],
            "cluster": "jenkins-23",
            "id": "projects/architect-certification-289902/locations/europe-west4-a/clusters/jenkins-23/nodePools/butler-pool",
            "initial_node_count": 1,
            "instance_group_urls": [
              "https://www.googleapis.com/compute/v1/projects/architect-certification-289902/zones/europe-west4-a/instanceGroupManagers/gke-jenkins-23-butler-pool-e6435b7b-grp",
              "https://www.googleapis.com/compute/v1/projects/architect-certification-289902/zones/europe-west4-b/instanceGroupManagers/gke-jenkins-23-butler-pool-7d2fa5a2-grp"
            ],
            "location": "europe-west4-a",
            "management": [
              {
                "auto_repair": true,
                "auto_upgrade": true
              }
            ],
            "max_pods_per_node": 110,
            "name": "butler-pool",
            "name_prefix": "",
            "node_config": [
              {
                "boot_disk_kms_key": "",
                "disk_size_gb": 100,
                "disk_type": "pd-standard",
                "guest_accelerator": [],
                "image_type": "COS",
                "kubelet_config": [],
                "labels": {
                  "cluster_name": "jenkins-23",
                  "node_pool": "butler-pool"
                },
                "linux_node_config": [],
                "local_ssd_count": 0,
                "machine_type": "n1-standard-2",
                "metadata": {
                  "cluster_name": "jenkins-23",
                  "disable-legacy-endpoints": "true",
                  "node_pool": "butler-pool"
                },
                "min_cpu_platform": "",
                "oauth_scopes": [
                  "https://www.googleapis.com/auth/cloud-platform"
                ],
                "preemptible": false,
                "sandbox_config": [],
                "service_account": "tf-gke-jenkins-23-f082@architect-certification-289902.iam.gserviceaccount.com",
                "shielded_instance_config": [
                  {
                    "enable_integrity_monitoring": true,
                    "enable_secure_boot": false
                  }
                ],
                "tags": [
                  "gke-jenkins-23",
                  "gke-jenkins-23-butler-pool"
                ],
                "taint": [],
                "workload_metadata_config": [
                  {
                    "node_metadata": "GKE_METADATA_SERVER"
                  }
                ]
              }
            ],
            "node_count": 1,
            "node_locations": [
              "europe-west4-a",
              "europe-west4-b"
            ],
            "project": "architect-certification-289902",
            "timeouts": {
              "create": "45m",
              "delete": "45m",
              "update": "45m"
            },
            "upgrade_settings": [
              {
                "max_surge": 1,
                "max_unavailable": 0
              }
            ],
            "version": "1.17.13-gke.2600"
          },
          "private": "eyJlMmJmYjczMC1lY2FhLTExZTYtOGY4OC0zNDM2M2JjN2M0YzAiOnsiY3JlYXRlIjoyNzAwMDAwMDAwMDAwLCJkZWxldGUiOjI3MDAwMDAwMDAwMDAsInVwZGF0ZSI6MjcwMDAwMDAwMDAwMH0sInNjaGVtYV92ZXJzaW9uIjoiMSJ9",
          "dependencies": [
            "module.enables-google-apis.google_project_service.project_services",
            "module.jenkins-gke.google_container_cluster.primary",
            "module.jenkins-gke.google_service_account.cluster_service_account",
            "module.jenkins-gke.random_shuffle.available_zones",
            "module.jenkins-gke.random_string.cluster_service_account_suffix",
            "module.jenkins-vpc.module.subnets.google_compute_subnetwork.subnetwork",
            "module.jenkins-vpc.module.vpc.google_compute_network.network"
          ]
        }
      ]
    },
    {
      "module": "module.jenkins-gke",
      "mode": "managed",
      "type": "google_project_iam_member",
      "name": "cluster_service_account-gcr",
      "each": "list",
      "provider": "provider.google",
      "instances": []
    },
    {
      "module": "module.jenkins-gke",
      "mode": "managed",
      "type": "google_project_iam_member",
      "name": "cluster_service_account-log_writer",
      "each": "list",
      "provider": "provider.google",
      "instances": []
    },
    {
      "module": "module.jenkins-gke",
      "mode": "managed",
      "type": "google_project_iam_member",
      "name": "cluster_service_account-metric_writer",
      "each": "list",
      "provider": "provider.google",
      "instances": []
    },
    {
      "module": "module.jenkins-gke",
      "mode": "managed",
      "type": "google_project_iam_member",
      "name": "cluster_service_account-monitoring_viewer",
      "each": "list",
      "provider": "provider.google",
      "instances": []
    },
    {
      "module": "module.enables-google-apis",
      "mode": "managed",
      "type": "google_project_service",
      "name": "project_services",
      "each": "map",
      "provider": "provider.google",
      "instances": [
        {
          "index_key": "cloudresourcemanager.googleapis.com",
          "schema_version": 0,
          "attributes": {
            "disable_dependent_services": true,
            "disable_on_destroy": true,
            "id": "architect-certification-289902/cloudresourcemanager.googleapis.com",
            "project": "architect-certification-289902",
            "service": "cloudresourcemanager.googleapis.com",
            "timeouts": null
          },
          "private": "eyJlMmJmYjczMC1lY2FhLTExZTYtOGY4OC0zNDM2M2JjN2M0YzAiOnsiY3JlYXRlIjoxMjAwMDAwMDAwMDAwLCJkZWxldGUiOjEyMDAwMDAwMDAwMDAsInJlYWQiOjYwMDAwMDAwMDAwMCwidXBkYXRlIjoxMjAwMDAwMDAwMDAwfX0="
        },
        {
          "index_key": "compute.googleapis.com",
          "schema_version": 0,
          "attributes": {
            "disable_dependent_services": true,
            "disable_on_destroy": true,
            "id": "architect-certification-289902/compute.googleapis.com",
            "project": "architect-certification-289902",
            "service": "compute.googleapis.com",
            "timeouts": null
          },
          "private": "eyJlMmJmYjczMC1lY2FhLTExZTYtOGY4OC0zNDM2M2JjN2M0YzAiOnsiY3JlYXRlIjoxMjAwMDAwMDAwMDAwLCJkZWxldGUiOjEyMDAwMDAwMDAwMDAsInJlYWQiOjYwMDAwMDAwMDAwMCwidXBkYXRlIjoxMjAwMDAwMDAwMDAwfX0="
        },
        {
          "index_key": "container.googleapis.com",
          "schema_version": 0,
          "attributes": {
            "disable_dependent_services": true,
            "disable_on_destroy": true,
            "id": "architect-certification-289902/container.googleapis.com",
            "project": "architect-certification-289902",
            "service": "container.googleapis.com",
            "timeouts": null
          },
          "private": "eyJlMmJmYjczMC1lY2FhLTExZTYtOGY4OC0zNDM2M2JjN2M0YzAiOnsiY3JlYXRlIjoxMjAwMDAwMDAwMDAwLCJkZWxldGUiOjEyMDAwMDAwMDAwMDAsInJlYWQiOjYwMDAwMDAwMDAwMCwidXBkYXRlIjoxMjAwMDAwMDAwMDAwfX0="
        },
        {
          "index_key": "containerregistry.googleapis.com",
          "schema_version": 0,
          "attributes": {
            "disable_dependent_services": true,
            "disable_on_destroy": true,
            "id": "architect-certification-289902/containerregistry.googleapis.com",
            "project": "architect-certification-289902",
            "service": "containerregistry.googleapis.com",
            "timeouts": null
          },
          "private": "eyJlMmJmYjczMC1lY2FhLTExZTYtOGY4OC0zNDM2M2JjN2M0YzAiOnsiY3JlYXRlIjoxMjAwMDAwMDAwMDAwLCJkZWxldGUiOjEyMDAwMDAwMDAwMDAsInJlYWQiOjYwMDAwMDAwMDAwMCwidXBkYXRlIjoxMjAwMDAwMDAwMDAwfX0="
        },
        {
          "index_key": "iam.googleapis.com",
          "schema_version": 0,
          "attributes": {
            "disable_dependent_services": true,
            "disable_on_destroy": true,
            "id": "architect-certification-289902/iam.googleapis.com",
            "project": "architect-certification-289902",
            "service": "iam.googleapis.com",
            "timeouts": null
          },
          "private": "eyJlMmJmYjczMC1lY2FhLTExZTYtOGY4OC0zNDM2M2JjN2M0YzAiOnsiY3JlYXRlIjoxMjAwMDAwMDAwMDAwLCJkZWxldGUiOjEyMDAwMDAwMDAwMDAsInJlYWQiOjYwMDAwMDAwMDAwMCwidXBkYXRlIjoxMjAwMDAwMDAwMDAwfX0="
        },
        {
          "index_key": "logging.googleapis.com",
          "schema_version": 0,
          "attributes": {
            "disable_dependent_services": true,
            "disable_on_destroy": true,
            "id": "architect-certification-289902/logging.googleapis.com",
            "project": "architect-certification-289902",
            "service": "logging.googleapis.com",
            "timeouts": null
          },
          "private": "eyJlMmJmYjczMC1lY2FhLTExZTYtOGY4OC0zNDM2M2JjN2M0YzAiOnsiY3JlYXRlIjoxMjAwMDAwMDAwMDAwLCJkZWxldGUiOjEyMDAwMDAwMDAwMDAsInJlYWQiOjYwMDAwMDAwMDAwMCwidXBkYXRlIjoxMjAwMDAwMDAwMDAwfX0="
        },
        {
          "index_key": "monitoring.googleapis.com",
          "schema_version": 0,
          "attributes": {
            "disable_dependent_services": true,
            "disable_on_destroy": true,
            "id": "architect-certification-289902/monitoring.googleapis.com",
            "project": "architect-certification-289902",
            "service": "monitoring.googleapis.com",
            "timeouts": null
          },
          "private": "eyJlMmJmYjczMC1lY2FhLTExZTYtOGY4OC0zNDM2M2JjN2M0YzAiOnsiY3JlYXRlIjoxMjAwMDAwMDAwMDAwLCJkZWxldGUiOjEyMDAwMDAwMDAwMDAsInJlYWQiOjYwMDAwMDAwMDAwMCwidXBkYXRlIjoxMjAwMDAwMDAwMDAwfX0="
        },
        {
          "index_key": "storage-component.googleapis.com",
          "schema_version": 0,
          "attributes": {
            "disable_dependent_services": true,
            "disable_on_destroy": true,
            "id": "architect-certification-289902/storage-component.googleapis.com",
            "project": "architect-certification-289902",
            "service": "storage-component.googleapis.com",
            "timeouts": null
          },
          "private": "eyJlMmJmYjczMC1lY2FhLTExZTYtOGY4OC0zNDM2M2JjN2M0YzAiOnsiY3JlYXRlIjoxMjAwMDAwMDAwMDAwLCJkZWxldGUiOjEyMDAwMDAwMDAwMDAsInJlYWQiOjYwMDAwMDAwMDAwMCwidXBkYXRlIjoxMjAwMDAwMDAwMDAwfX0="
        }
      ]
    },
    {
      "module": "module.workload_identity",
      "mode": "managed",
      "type": "google_service_account",
      "name": "cluster_service_account",
      "provider": "provider.google",
      "instances": [
        {
          "schema_version": 0,
          "attributes": {
            "account_id": "jenkins-wi-jenkins-23-23",
            "description": "",
            "display_name": "GCP SA bound to K8S SA jenkins-wi-jenkins-23-23",
            "email": "jenkins-wi-jenkins-23-23@architect-certification-289902.iam.gserviceaccount.com",
            "id": "projects/architect-certification-289902/serviceAccounts/jenkins-wi-jenkins-23-23@architect-certification-289902.iam.gserviceaccount.com",
            "name": "projects/architect-certification-289902/serviceAccounts/jenkins-wi-jenkins-23-23@architect-certification-289902.iam.gserviceaccount.com",
            "project": "architect-certification-289902",
            "timeouts": null,
            "unique_id": "107241569378644188033"
          },
          "private": "eyJlMmJmYjczMC1lY2FhLTExZTYtOGY4OC0zNDM2M2JjN2M0YzAiOnsiY3JlYXRlIjozMDAwMDAwMDAwMDB9fQ==",
          "dependencies": [
            "module.enables-google-apis.google_project_service.project_services",
            "module.jenkins-gke.google_container_cluster.primary",
            "module.jenkins-gke.google_service_account.cluster_service_account",
            "module.jenkins-gke.random_shuffle.available_zones",
            "module.jenkins-gke.random_string.cluster_service_account_suffix",
            "module.jenkins-vpc.module.subnets.google_compute_subnetwork.subnetwork",
            "module.jenkins-vpc.module.vpc.google_compute_network.network"
          ]
        }
      ]
    },
    {
      "module": "module.jenkins-gke",
      "mode": "managed",
      "type": "google_service_account",
      "name": "cluster_service_account",
      "each": "list",
      "provider": "provider.google",
      "instances": [
        {
          "index_key": 0,
          "schema_version": 0,
          "attributes": {
            "account_id": "tf-gke-jenkins-23-f082",
            "description": "",
            "display_name": "Terraform-managed service account for cluster jenkins-23",
            "email": "tf-gke-jenkins-23-f082@architect-certification-289902.iam.gserviceaccount.com",
            "id": "projects/architect-certification-289902/serviceAccounts/tf-gke-jenkins-23-f082@architect-certification-289902.iam.gserviceaccount.com",
            "name": "projects/architect-certification-289902/serviceAccounts/tf-gke-jenkins-23-f082@architect-certification-289902.iam.gserviceaccount.com",
            "project": "architect-certification-289902",
            "timeouts": null,
            "unique_id": "101111675961206345747"
          },
          "private": "eyJlMmJmYjczMC1lY2FhLTExZTYtOGY4OC0zNDM2M2JjN2M0YzAiOnsiY3JlYXRlIjozMDAwMDAwMDAwMDB9fQ==",
          "dependencies": [
            "module.enables-google-apis.google_project_service.project_services",
            "module.jenkins-gke.random_string.cluster_service_account_suffix"
          ]
        }
      ]
    },
    {
      "mode": "managed",
      "type": "google_storage_bucket_iam_member",
      "name": "tf-state-writer",
      "provider": "provider.google",
      "instances": [
        {
          "schema_version": 0,
          "attributes": {
            "bucket": "b/architect-certification-289902-23-tfstate",
            "condition": [],
            "etag": "CAM=",
            "id": "b/architect-certification-289902-23-tfstate/roles/storage.admin/serviceaccount:jenkins-wi-jenkins-23-23@architect-certification-289902.iam.gserviceaccount.com",
            "member": "serviceAccount:jenkins-wi-jenkins-23-23@architect-certification-289902.iam.gserviceaccount.com",
            "role": "roles/storage.admin"
          },
          "private": "bnVsbA==",
          "dependencies": [
            "module.enables-google-apis.google_project_service.project_services",
            "module.jenkins-gke.google_container_cluster.primary",
            "module.jenkins-gke.google_service_account.cluster_service_account",
            "module.jenkins-gke.random_shuffle.available_zones",
            "module.jenkins-gke.random_string.cluster_service_account_suffix",
            "module.jenkins-vpc.module.subnets.google_compute_subnetwork.subnetwork",
            "module.jenkins-vpc.module.vpc.google_compute_network.network",
            "module.workload_identity.google_service_account.cluster_service_account"
          ]
        }
      ]
    },
    {
      "module": "module.jenkins-gke",
      "mode": "managed",
      "type": "kubernetes_config_map",
      "name": "ip-masq-agent",
      "each": "list",
      "provider": "module.jenkins-gke.provider.kubernetes",
      "instances": []
    },
    {
      "module": "module.jenkins-gke",
      "mode": "managed",
      "type": "kubernetes_config_map",
      "name": "kube-dns",
      "each": "list",
      "provider": "module.jenkins-gke.provider.kubernetes",
      "instances": []
    },
    {
      "module": "module.jenkins-gke",
      "mode": "managed",
      "type": "kubernetes_config_map",
      "name": "kube-dns-upstream-nameservers-and-stub-domains",
      "each": "list",
      "provider": "module.jenkins-gke.provider.kubernetes",
      "instances": []
    },
    {
      "module": "module.jenkins-gke",
      "mode": "managed",
      "type": "kubernetes_config_map",
      "name": "kube-dns-upstream-namservers",
      "each": "list",
      "provider": "module.jenkins-gke.provider.kubernetes",
      "instances": []
    },
    {
      "mode": "managed",
      "type": "kubernetes_secret",
      "name": "jenkins-secrets",
      "provider": "provider.kubernetes",
      "instances": [
        {
          "schema_version": 0,
          "attributes": {
            "data": {
              "ca_certificate": "LS0tLS1CRUdJTiBDRVJUSUZJQ0FURS0tLS0tCk1JSURLekNDQWhPZ0F3SUJBZ0lSQUtuWjlEcmxVYzR5blJGWXcrL0poSGt3RFFZSktvWklodmNOQVFFTEJRQXcKTHpFdE1Dc0dBMVVFQXhNa05Ua3dZell5WVRZdFlXWmlZUzAwTkRrMkxXRTRPVGN0T0dVNE5qTTRZVEl3T0RjNApNQjRYRFRJd01URXlOVEExTWpVME1Wb1hEVEkxTVRFeU5EQTJNalUwTVZvd0x6RXRNQ3NHQTFVRUF4TWtOVGt3Cll6WXlZVFl0WVdaaVlTMDBORGsyTFdFNE9UY3RPR1U0TmpNNFlUSXdPRGM0TUlJQklqQU5CZ2txaGtpRzl3MEIKQVFFRkFBT0NBUThBTUlJQkNnS0NBUUVBdWhyUFV3VnYxNUdWTHprTnB0a2FYWjBuK1FmQkc4NmJNcnhFTXgxSAp3VlAzUzZOOXdQczlkSWJlR3BBV1NyMXpFM3BJUmZFODZTeEFGNHFwZWFGd2gwTzcxOEd3N0xZck51bTNnZGF5CjBDWnBMZThDOGRXV0crVTZXRkl4Y2VTaWJvQnhDakpiN3hTclZ5cnVvVWUzSlFyT2VQQ3VEZTJSRFVQdEhlZkYKMEo2b0pZTGl1TFJYNTduYnRMb01odVlnbFZSN3R1d0dmRmQrTkRWNDlTYk16cEhTZzFqMFJ1NlV3bzdISEdIbQp3Z2cwQWZEeGgrM05NcDMwMWM3TjhHMUxDdjk3R09NT04yWUw2Zk4wTGFCZlNVWTNrK091M21zdVIwN1ZaUFg0Ci9LOG1YZ1h6N3c5cTFwa1dDS2FBaVgvSUt2RjlHYm1xZFBmck1qRVU5d1haU3dJREFRQUJvMEl3UURBT0JnTlYKSFE4QkFmOEVCQU1DQWdRd0R3WURWUjBUQVFIL0JBVXdBd0VCL3pBZEJnTlZIUTRFRmdRVW4wYU11WHVCSmVKMQp5a1VvYnY3WlNTUW1FYVl3RFFZSktvWklodmNOQVFFTEJRQURnZ0VCQUl5WGZqSTdSdWRMWGwzYVdsWDdoVFU3Ci9VYW1qZE1yL1FwNXdqUTRpazJXUnpUNFhzaFB2dUVOZGhhZ3ZaeGlLc3RKYXkzbnJTQ3NZVFE4NlhCTlpja3kKYXNkdk5VM3psNWF6SUd0b25ia0NPQVlDQlhrK3QzakRTQzlVbXlmeU1MbGJFUmlZVk1NSG9ZRWJJL2RhYVRqTQp5alY4Zy9oVFBQTDVJc29hS3M0ZllYM3FpWDBacFhldVBkbHVZUUUzUHJOdDR2TXU5M1Q1ejRmaldsTFNpcUxBCmhKcE5qZnhQOE1yT09rcndHUXI4UllXVlcxcDRVM0NmWE9CNlk0UzhHT2dlU1lReUk0Y2YwbWNGSnNBWjRPTlYKUjc3UUJNUm56Y256d1kzeE9IdkhVL2JwVFAwVUU0SUZxRStib1E5TkFwZTZ1SGwyQVFXODk5UlFyeEVPd1F3PQotLS0tLUVORCBDRVJUSUZJQ0FURS0tLS0tCg==",
              "jenkins_tf_ksa": "jenkins-wi-jenkins-23-23",
              "kubernetes_endpoint": "https://35.204.103.119",
              "project_id": "architect-certification-289902"
            },
            "id": "default/jenkins-k8s-config",
            "metadata": [
              {
                "annotations": {},
                "generate_name": "",
                "generation": 0,
                "labels": {},
                "name": "jenkins-k8s-config",
                "namespace": "default",
                "resource_version": "1793",
                "self_link": "/api/v1/namespaces/default/secrets/jenkins-k8s-config",
                "uid": "9ca75c5e-07a6-4a5d-9a56-a48746ff0a15"
              }
            ],
            "type": "Opaque"
          },
          "private": "bnVsbA==",
          "dependencies": [
            "module.enables-google-apis.google_project_service.project_services",
            "module.jenkins-gke.google_container_cluster.primary",
            "module.jenkins-gke.google_container_node_pool.pools",
            "module.jenkins-gke.google_service_account.cluster_service_account",
            "module.jenkins-gke.null_resource.wait_for_cluster",
            "module.jenkins-gke.random_shuffle.available_zones",
            "module.jenkins-gke.random_string.cluster_service_account_suffix",
            "module.jenkins-vpc.module.subnets.google_compute_subnetwork.subnetwork",
            "module.jenkins-vpc.module.vpc.google_compute_network.network",
            "module.workload_identity.google_service_account.cluster_service_account",
            "module.workload_identity.kubernetes_service_account.main"
          ]
        }
      ]
    },
    {
      "module": "module.workload_identity",
      "mode": "managed",
      "type": "kubernetes_service_account",
      "name": "main",
      "each": "list",
      "provider": "provider.kubernetes",
      "instances": [
        {
          "index_key": 0,
          "schema_version": 0,
          "attributes": {
            "automount_service_account_token": false,
            "default_secret_name": "jenkins-wi-jenkins-23-23-token-8x48c",
            "id": "default/jenkins-wi-jenkins-23-23",
            "image_pull_secret": [],
            "metadata": [
              {
                "annotations": {
                  "iam.gke.io/gcp-service-account": "jenkins-wi-jenkins-23-23@architect-certification-289902.iam.gserviceaccount.com"
                },
                "generate_name": "",
                "generation": 0,
                "labels": {},
                "name": "jenkins-wi-jenkins-23-23",
                "namespace": "default",
                "resource_version": "1771",
                "self_link": "/api/v1/namespaces/default/serviceaccounts/jenkins-wi-jenkins-23-23",
                "uid": "d931bf97-436f-4e6b-bf42-e9db0fe16ef4"
              }
            ],
            "secret": [],
            "timeouts": null
          },
          "private": "eyJlMmJmYjczMC1lY2FhLTExZTYtOGY4OC0zNDM2M2JjN2M0YzAiOnsiY3JlYXRlIjozMDAwMDAwMDAwMH19",
          "dependencies": [
            "module.enables-google-apis.google_project_service.project_services",
            "module.jenkins-gke.google_container_cluster.primary",
            "module.jenkins-gke.google_container_node_pool.pools",
            "module.jenkins-gke.google_service_account.cluster_service_account",
            "module.jenkins-gke.null_resource.wait_for_cluster",
            "module.jenkins-gke.random_shuffle.available_zones",
            "module.jenkins-gke.random_string.cluster_service_account_suffix",
            "module.jenkins-vpc.module.subnets.google_compute_subnetwork.subnetwork",
            "module.jenkins-vpc.module.vpc.google_compute_network.network",
            "module.workload_identity.google_service_account.cluster_service_account"
          ]
        }
      ]
    },
    {
      "module": "module.workload_identity.module.annotate-sa",
      "mode": "managed",
      "type": "null_resource",
      "name": "additional_components",
      "each": "list",
      "provider": "provider.null",
      "instances": []
    },
    {
      "module": "module.workload_identity.module.annotate-sa",
      "mode": "managed",
      "type": "null_resource",
      "name": "additional_components_destroy",
      "each": "list",
      "provider": "provider.null",
      "instances": []
    },
    {
      "module": "module.workload_identity.module.annotate-sa",
      "mode": "managed",
      "type": "null_resource",
      "name": "copy",
      "each": "list",
      "provider": "provider.null",
      "instances": []
    },
    {
      "module": "module.workload_identity.module.annotate-sa",
      "mode": "managed",
      "type": "null_resource",
      "name": "decompress",
      "each": "list",
      "provider": "provider.null",
      "instances": []
    },
    {
      "module": "module.workload_identity.module.annotate-sa",
      "mode": "managed",
      "type": "null_resource",
      "name": "decompress_destroy",
      "each": "list",
      "provider": "provider.null",
      "instances": []
    },
    {
      "module": "module.jenkins-gke",
      "mode": "managed",
      "type": "null_resource",
      "name": "delete_default_kube_dns_configmap",
      "each": "list",
      "provider": "provider.null",
      "instances": []
    },
    {
      "module": "module.workload_identity.module.annotate-sa",
      "mode": "managed",
      "type": "null_resource",
      "name": "gcloud_auth_google_credentials",
      "each": "list",
      "provider": "provider.null",
      "instances": []
    },
    {
      "module": "module.workload_identity.module.annotate-sa",
      "mode": "managed",
      "type": "null_resource",
      "name": "gcloud_auth_google_credentials_destroy",
      "each": "list",
      "provider": "provider.null",
      "instances": []
    },
    {
      "module": "module.workload_identity.module.annotate-sa",
      "mode": "managed",
      "type": "null_resource",
      "name": "gcloud_auth_service_account_key_file",
      "each": "list",
      "provider": "provider.null",
      "instances": []
    },
    {
      "module": "module.workload_identity.module.annotate-sa",
      "mode": "managed",
      "type": "null_resource",
      "name": "gcloud_auth_service_account_key_file_destroy",
      "each": "list",
      "provider": "provider.null",
      "instances": []
    },
    {
      "module": "module.workload_identity.module.annotate-sa",
      "mode": "managed",
      "type": "null_resource",
      "name": "module_depends_on",
      "each": "list",
      "provider": "provider.null",
      "instances": []
    },
    {
      "module": "module.workload_identity.module.annotate-sa",
      "mode": "managed",
      "type": "null_resource",
      "name": "run_command",
      "each": "list",
      "provider": "provider.null",
      "instances": []
    },
    {
      "module": "module.workload_identity.module.annotate-sa",
      "mode": "managed",
      "type": "null_resource",
      "name": "upgrade",
      "each": "list",
      "provider": "provider.null",
      "instances": []
    },
    {
      "module": "module.workload_identity.module.annotate-sa",
      "mode": "managed",
      "type": "null_resource",
      "name": "upgrade_destroy",
      "each": "list",
      "provider": "provider.null",
      "instances": []
    },
    {
      "module": "module.jenkins-gke",
      "mode": "managed",
      "type": "null_resource",
      "name": "wait_for_cluster",
      "each": "list",
      "provider": "provider.null",
      "instances": [
        {
          "index_key": 0,
          "schema_version": 0,
          "attributes": {
            "id": "3081220444132492638",
            "triggers": {
              "name": "jenkins-23",
              "project_id": "architect-certification-289902"
            }
          },
          "private": "bnVsbA==",
          "dependencies": [
            "module.enables-google-apis.google_project_service.project_services",
            "module.jenkins-gke.google_container_cluster.primary",
            "module.jenkins-gke.google_container_node_pool.pools",
            "module.jenkins-gke.google_service_account.cluster_service_account",
            "module.jenkins-gke.random_shuffle.available_zones",
            "module.jenkins-gke.random_string.cluster_service_account_suffix",
            "module.jenkins-vpc.module.subnets.google_compute_subnetwork.subnetwork",
            "module.jenkins-vpc.module.vpc.google_compute_network.network"
          ]
        }
      ]
    },
    {
      "module": "module.workload_identity.module.annotate-sa",
      "mode": "managed",
      "type": "random_id",
      "name": "cache",
      "provider": "provider.random",
      "instances": [
        {
          "schema_version": 0,
          "attributes": {
            "b64_std": "lf9QzA==",
            "b64_url": "lf9QzA",
            "byte_length": 4,
            "dec": "2516537548",
            "hex": "95ff50cc",
            "id": "lf9QzA",
            "keepers": null,
            "prefix": null
          },
          "private": "bnVsbA=="
        }
      ]
    },
    {
      "module": "module.jenkins-gke",
      "mode": "managed",
      "type": "random_shuffle",
      "name": "available_zones",
      "provider": "provider.random",
      "instances": [
        {
          "schema_version": 0,
          "attributes": {
            "id": "-",
            "input": [
              "europe-west4-a",
              "europe-west4-b",
              "europe-west4-c"
            ],
            "keepers": null,
            "result": [
              "europe-west4-c",
              "europe-west4-b",
              "europe-west4-a"
            ],
            "result_count": 3,
            "seed": null
          },
          "private": "bnVsbA==",
          "dependencies": [
            "module.enables-google-apis.google_project_service.project_services"
          ]
        }
      ]
    },
    {
      "module": "module.jenkins-gke",
      "mode": "managed",
      "type": "random_string",
      "name": "cluster_service_account_suffix",
      "provider": "provider.random",
      "instances": [
        {
          "schema_version": 1,
          "attributes": {
            "id": "f082",
            "keepers": null,
            "length": 4,
            "lower": true,
            "min_lower": 0,
            "min_numeric": 0,
            "min_special": 0,
            "min_upper": 0,
            "number": true,
            "override_special": null,
            "result": "f082",
            "special": false,
            "upper": false
          },
          "private": "eyJzY2hlbWFfdmVyc2lvbiI6IjEifQ=="
        }
      ]
    }
  ]
}
